// !$*UTF8*$!
{
	archiveVersion = 1;
	classes = {
	};
	objectVersion = 60;
	objects = {

/* Begin PBXBuildFile section */
		C908FFFA2A8BC32B00E3BBEA /* UniversalCharts.swift in Sources */ = {isa = PBXBuildFile; fileRef = C908FFF92A8BC32B00E3BBEA /* UniversalCharts.swift */; };
		C915A0072A67213F009F6C84 /* RecallCategory.swift in Sources */ = {isa = PBXBuildFile; fileRef = C915A0062A67213F009F6C84 /* RecallCategory.swift */; };
		C9186A962A789B9B00398BF8 /* DataPageView.swift in Sources */ = {isa = PBXBuildFile; fileRef = C9186A952A789B9B00398BF8 /* DataPageView.swift */; };
		C9186A982A78A2EE00398BF8 /* Charts.swift in Sources */ = {isa = PBXBuildFile; fileRef = C9186A972A78A2EE00398BF8 /* Charts.swift */; };
		C9186A9A2A78AE6900398BF8 /* DataSummaries.swift in Sources */ = {isa = PBXBuildFile; fileRef = C9186A992A78AE6900398BF8 /* DataSummaries.swift */; };
		C91A812A2C76807400EFF561 /* RecallCalendarContainerViewModel.swift in Sources */ = {isa = PBXBuildFile; fileRef = C91A81292C76807400EFF561 /* RecallCalendarContainerViewModel.swift */; };
		C91A812E2C77DB6F00EFF561 /* TabBar.swift in Sources */ = {isa = PBXBuildFile; fileRef = C91A812D2C77DB6F00EFF561 /* TabBar.swift */; };
		C91BCEF22A618435003C6DD6 /* RecallApp.swift in Sources */ = {isa = PBXBuildFile; fileRef = C91BCEF12A618435003C6DD6 /* RecallApp.swift */; };
		C91BCEF42A618435003C6DD6 /* RecallView.swift in Sources */ = {isa = PBXBuildFile; fileRef = C91BCEF32A618435003C6DD6 /* RecallView.swift */; };
		C91BCEF62A618437003C6DD6 /* Assets.xcassets in Resources */ = {isa = PBXBuildFile; fileRef = C91BCEF52A618437003C6DD6 /* Assets.xcassets */; };
		C91BCEFA2A618437003C6DD6 /* Preview Assets.xcassets in Resources */ = {isa = PBXBuildFile; fileRef = C91BCEF92A618437003C6DD6 /* Preview Assets.xcassets */; };
		C91BCF042A618437003C6DD6 /* RecallTests.swift in Sources */ = {isa = PBXBuildFile; fileRef = C91BCF032A618437003C6DD6 /* RecallTests.swift */; };
		C91BCF0E2A618437003C6DD6 /* RecallUITests.swift in Sources */ = {isa = PBXBuildFile; fileRef = C91BCF0D2A618437003C6DD6 /* RecallUITests.swift */; };
		C91BCF102A618437003C6DD6 /* RecallUITestsLaunchTests.swift in Sources */ = {isa = PBXBuildFile; fileRef = C91BCF0F2A618437003C6DD6 /* RecallUITestsLaunchTests.swift */; };
		C91BCF222A61C374003C6DD6 /* RealmManager.swift in Sources */ = {isa = PBXBuildFile; fileRef = C91BCF212A61C374003C6DD6 /* RealmManager.swift */; };
		C91BCF252A61D0B9003C6DD6 /* PermissionManager.swift in Sources */ = {isa = PBXBuildFile; fileRef = C91BCF242A61D0B9003C6DD6 /* PermissionManager.swift */; };
		C91BCF272A61D0DB003C6DD6 /* RecallModel.swift in Sources */ = {isa = PBXBuildFile; fileRef = C91BCF262A61D0DB003C6DD6 /* RecallModel.swift */; };
		C91BCF2C2A61DCFF003C6DD6 /* OpenFlexibleRealmView.swift in Sources */ = {isa = PBXBuildFile; fileRef = C91BCF2B2A61DCFF003C6DD6 /* OpenFlexibleRealmView.swift */; };
		C91BCF312A61DDBA003C6DD6 /* Constants.swift in Sources */ = {isa = PBXBuildFile; fileRef = C91BCF302A61DDBA003C6DD6 /* Constants.swift */; };
		C91BCF332A61DE55003C6DD6 /* Extensions.swift in Sources */ = {isa = PBXBuildFile; fileRef = C91BCF322A61DE55003C6DD6 /* Extensions.swift */; };
		C91BCF372A61DED5003C6DD6 /* UniversalButtons.swift in Sources */ = {isa = PBXBuildFile; fileRef = C91BCF362A61DED5003C6DD6 /* UniversalButtons.swift */; };
		C91BCF392A61E0EB003C6DD6 /* RecallCalendarEvent.swift in Sources */ = {isa = PBXBuildFile; fileRef = C91BCF382A61E0EB003C6DD6 /* RecallCalendarEvent.swift */; };
		C91BCF3C2A61E3EE003C6DD6 /* MainView.swift in Sources */ = {isa = PBXBuildFile; fileRef = C91BCF3B2A61E3EE003C6DD6 /* MainView.swift */; };
		C91E1CF72AFC788800029F43 /* TemplatesPagView.swift in Sources */ = {isa = PBXBuildFile; fileRef = C91E1CF62AFC788800029F43 /* TemplatesPagView.swift */; };
		C91E1CF92AFC789300029F43 /* TagsPageView.swift in Sources */ = {isa = PBXBuildFile; fileRef = C91E1CF82AFC789300029F43 /* TagsPageView.swift */; };
		C91E1CFB2AFC789E00029F43 /* FavoritesPageView.swift in Sources */ = {isa = PBXBuildFile; fileRef = C91E1CFA2AFC789E00029F43 /* FavoritesPageView.swift */; };
		C922848A2CC055B700280BFA /* RecallDailySummary.swift in Sources */ = {isa = PBXBuildFile; fileRef = C92284892CC055B700280BFA /* RecallDailySummary.swift */; };
		C922848E2CC7730900280BFA /* SF-Mono-Medium.otf in Resources */ = {isa = PBXBuildFile; fileRef = C922848D2CC7730900280BFA /* SF-Mono-Medium.otf */; };
		C92284902CC7747100280BFA /* SF-Pro.ttf in Resources */ = {isa = PBXBuildFile; fileRef = C922848F2CC7747100280BFA /* SF-Pro.ttf */; };
		C92284922CC7755700280BFA /* Syne-Medium.ttf in Resources */ = {isa = PBXBuildFile; fileRef = C92284912CC7755700280BFA /* Syne-Medium.ttf */; };
		C92284952CC85C8B00280BFA /* StyledPhotoPicker.swift in Sources */ = {isa = PBXBuildFile; fileRef = C92284942CC85C8B00280BFA /* StyledPhotoPicker.swift */; };
		C92284972CC85CB700280BFA /* PhotoManager.swift in Sources */ = {isa = PBXBuildFile; fileRef = C92284962CC85CB700280BFA /* PhotoManager.swift */; };
		C92284992CC97AE700280BFA /* StyledPickerWrapper.swift in Sources */ = {isa = PBXBuildFile; fileRef = C92284982CC97AE700280BFA /* StyledPickerWrapper.swift */; };
		C922849B2CC97CE700280BFA /* StyledPhotoPickerViewModel.swift in Sources */ = {isa = PBXBuildFile; fileRef = C922849A2CC97CE700280BFA /* StyledPhotoPickerViewModel.swift */; };
		C92284A02CD2D38700280BFA /* RecallCalendarEventImageStore.swift in Sources */ = {isa = PBXBuildFile; fileRef = C922849F2CD2D38700280BFA /* RecallCalendarEventImageStore.swift */; };
		C92284A22CD2D9EF00280BFA /* PhotoScrollerView.swift in Sources */ = {isa = PBXBuildFile; fileRef = C92284A12CD2D9EF00280BFA /* PhotoScrollerView.swift */; };
		C922852B2CD4AEC200280BFA /* PhotoScrollerSimultaneousGesture.swift in Sources */ = {isa = PBXBuildFile; fileRef = C922852A2CD4AEC200280BFA /* PhotoScrollerSimultaneousGesture.swift */; };
		C923D51C2A8F119C00E432B9 /* RecallGoalDataModel.swift in Sources */ = {isa = PBXBuildFile; fileRef = C923D51B2A8F119C00E432B9 /* RecallGoalDataModel.swift */; };
		C94B1F112A688855007E8537 /* UniversalForm.swift in Sources */ = {isa = PBXBuildFile; fileRef = C94B1F102A688855007E8537 /* UniversalForm.swift */; };
		C94B1F182A68931F007E8537 /* GoalsPageView.swift in Sources */ = {isa = PBXBuildFile; fileRef = C94B1F172A68931F007E8537 /* GoalsPageView.swift */; };
		C94F06762A6AD9F200C99EA0 /* GoalPreviewView.swift in Sources */ = {isa = PBXBuildFile; fileRef = C94F06752A6AD9F200C99EA0 /* GoalPreviewView.swift */; };
		C94F067E2A6B215500C99EA0 /* GoalView.swift in Sources */ = {isa = PBXBuildFile; fileRef = C94F067D2A6B215400C99EA0 /* GoalView.swift */; };
		C954AAD12A76FA4E00897BCE /* Animations.swift in Sources */ = {isa = PBXBuildFile; fileRef = C954AAD02A76FA4E00897BCE /* Animations.swift */; };
		C98573442B8936AE001D9895 /* AndaleMono.ttf in Resources */ = {isa = PBXBuildFile; fileRef = C98573432B8936AE001D9895 /* AndaleMono.ttf */; };
		C985EB5D2CACBDE6003186BD /* LocationService.swift in Sources */ = {isa = PBXBuildFile; fileRef = C985EB5C2CACBDE6003186BD /* LocationService.swift */; };
		C98CEE0F2AFFFC3E00B75924 /* UpdateManager.swift in Sources */ = {isa = PBXBuildFile; fileRef = C98CEE0E2AFFFC3E00B75924 /* UpdateManager.swift */; };
		C98CEE112B00246800B75924 /* UpdateView.swift in Sources */ = {isa = PBXBuildFile; fileRef = C98CEE102B00246800B75924 /* UpdateView.swift */; };
		C98D033C2A846D8100729334 /* ChartsHelperStructs.swift in Sources */ = {isa = PBXBuildFile; fileRef = C98D033B2A846D8100729334 /* ChartsHelperStructs.swift */; };
		C98D033E2A868DEB00729334 /* RecallDataModel.swift in Sources */ = {isa = PBXBuildFile; fileRef = C98D033D2A868DEB00729334 /* RecallDataModel.swift */; };
		C98F2F222A94134F00E92B30 /* LoginView.swift in Sources */ = {isa = PBXBuildFile; fileRef = C98F2F212A94134F00E92B30 /* LoginView.swift */; };
		C98F2F252A94435600E92B30 /* SplashScreen.swift in Sources */ = {isa = PBXBuildFile; fileRef = C98F2F242A94435600E92B30 /* SplashScreen.swift */; };
		C98F2F272A945B7400E92B30 /* ProfileView.swift in Sources */ = {isa = PBXBuildFile; fileRef = C98F2F262A945B7400E92B30 /* ProfileView.swift */; };
		C98F2F292A9859BD00E92B30 /* ProfileViewEditor.swift in Sources */ = {isa = PBXBuildFile; fileRef = C98F2F282A9859BD00E92B30 /* ProfileViewEditor.swift */; };
		C98F2F2B2A9D216700E92B30 /* TutorialViews.swift in Sources */ = {isa = PBXBuildFile; fileRef = C98F2F2A2A9D216700E92B30 /* TutorialViews.swift */; };
		C98F2F2E2A9D336200E92B30 /* GoalsCreationScene.swift in Sources */ = {isa = PBXBuildFile; fileRef = C98F2F2D2A9D336200E92B30 /* GoalsCreationScene.swift */; };
		C98F2F302A9D3F3300E92B30 /* TagsCreationScene.swift in Sources */ = {isa = PBXBuildFile; fileRef = C98F2F2F2A9D3F3300E92B30 /* TagsCreationScene.swift */; };
		C98F2F322A9DC49300E92B30 /* EventsCreationScene.swift in Sources */ = {isa = PBXBuildFile; fileRef = C98F2F312A9DC49300E92B30 /* EventsCreationScene.swift */; };
		C9BF38BA2C9A0EA200AA8C3F /* dark.png in Resources */ = {isa = PBXBuildFile; fileRef = C9BF38B82C9A0EA200AA8C3F /* dark.png */; };
		C9BF38BB2C9A0EA200AA8C3F /* light.png in Resources */ = {isa = PBXBuildFile; fileRef = C9BF38B92C9A0EA200AA8C3F /* light.png */; };
		C9BF38BE2C9B568400AA8C3F /* UIUniversals in Frameworks */ = {isa = PBXBuildFile; productRef = C9BF38BD2C9B568400AA8C3F /* UIUniversals */; };
		C9BF38C12C9B56CA00AA8C3F /* UIUniversals in Frameworks */ = {isa = PBXBuildFile; productRef = C9BF38C02C9B56CA00AA8C3F /* UIUniversals */; };
		C9BFBC932CB4D6FF00ADC110 /* InfiniteScroller.swift in Sources */ = {isa = PBXBuildFile; fileRef = C9BFBC922CB4D6FF00ADC110 /* InfiniteScroller.swift */; };
		C9C470CE2CE6EC84004AB489 /* UIUniversals in Frameworks */ = {isa = PBXBuildFile; productRef = C9C470CD2CE6EC84004AB489 /* UIUniversals */; };
		C9C470D12CE6ECA1004AB489 /* RealmSwift in Frameworks */ = {isa = PBXBuildFile; productRef = C9C470D02CE6ECA1004AB489 /* RealmSwift */; };
		C9C470D72CE8550D004AB489 /* NavigationCoordinator.swift in Sources */ = {isa = PBXBuildFile; fileRef = C9C470D62CE8550D004AB489 /* NavigationCoordinator.swift */; };
		C9C470D92CE85578004AB489 /* NavgiationStyle.swift in Sources */ = {isa = PBXBuildFile; fileRef = C9C470D82CE85578004AB489 /* NavgiationStyle.swift */; };
		C9C470DB2CE858B1004AB489 /* NavigationCoordinatorView.swift in Sources */ = {isa = PBXBuildFile; fileRef = C9C470DA2CE858B1004AB489 /* NavigationCoordinatorView.swift */; };
		C9C470DC2CE8A51C004AB489 /* RealmSwift in Embed Frameworks */ = {isa = PBXBuildFile; productRef = C9C470D02CE6ECA1004AB489 /* RealmSwift */; settings = {ATTRIBUTES = (CodeSignOnCopy, ); }; };
		C9C470DE2CE98F16004AB489 /* MonthlyCalendarViewModel.swift in Sources */ = {isa = PBXBuildFile; fileRef = C9C470DD2CE98F16004AB489 /* MonthlyCalendarViewModel.swift */; };
		C9C470E92CEAA184004AB489 /* OverviewDataSection.swift in Sources */ = {isa = PBXBuildFile; fileRef = C9C470E72CEAA183004AB489 /* OverviewDataSection.swift */; };
		C9C470EA2CEAA184004AB489 /* GoalsDataSection.swift in Sources */ = {isa = PBXBuildFile; fileRef = C9C470E62CEAA183004AB489 /* GoalsDataSection.swift */; };
		C9C470EB2CEAA184004AB489 /* EventsDataSection.swift in Sources */ = {isa = PBXBuildFile; fileRef = C9C470E52CEAA183004AB489 /* EventsDataSection.swift */; };
		C9C470FC2CEAA224004AB489 /* CalendarView.swift in Sources */ = {isa = PBXBuildFile; fileRef = C9C470ED2CEAA224004AB489 /* CalendarView.swift */; };
		C9C470FD2CEAA224004AB489 /* CalendarEventCarousel.swift in Sources */ = {isa = PBXBuildFile; fileRef = C9C470EF2CEAA224004AB489 /* CalendarEventCarousel.swift */; };
		C9C470FE2CEAA224004AB489 /* EventCreationView.swift in Sources */ = {isa = PBXBuildFile; fileRef = C9C470F42CEAA224004AB489 /* EventCreationView.swift */; };
		C9C470FF2CEAA224004AB489 /* CalendarEventPreviewContentView.swift in Sources */ = {isa = PBXBuildFile; fileRef = C9C470F02CEAA224004AB489 /* CalendarEventPreviewContentView.swift */; };
		C9C471002CEAA224004AB489 /* EventCreationViewTabBar.swift in Sources */ = {isa = PBXBuildFile; fileRef = C9C470F52CEAA224004AB489 /* EventCreationViewTabBar.swift */; };
		C9C471012CEAA224004AB489 /* CalendarEventView.swift in Sources */ = {isa = PBXBuildFile; fileRef = C9C470F22CEAA224004AB489 /* CalendarEventView.swift */; };
		C9C471022CEAA224004AB489 /* CalendarContainer.swift in Sources */ = {isa = PBXBuildFile; fileRef = C9C470EC2CEAA224004AB489 /* CalendarContainer.swift */; };
		C9C471032CEAA224004AB489 /* RecallDailySummaryView.swift in Sources */ = {isa = PBXBuildFile; fileRef = C9C470FA2CEAA224004AB489 /* RecallDailySummaryView.swift */; };
		C9C471042CEAA224004AB489 /* CalendarEventPreviewView.swift in Sources */ = {isa = PBXBuildFile; fileRef = C9C470F12CEAA224004AB489 /* CalendarEventPreviewView.swift */; };
		C9C471052CEAA224004AB489 /* MonthlyCalendarView.swift in Sources */ = {isa = PBXBuildFile; fileRef = C9C470F92CEAA224004AB489 /* MonthlyCalendarView.swift */; };
		C9C471062CEAA224004AB489 /* CalendarPageView.swift in Sources */ = {isa = PBXBuildFile; fileRef = C9C470F72CEAA224004AB489 /* CalendarPageView.swift */; };
		C9C471072CEAA224004AB489 /* EventSelectionEditorView.swift in Sources */ = {isa = PBXBuildFile; fileRef = C9C470F82CEAA224004AB489 /* EventSelectionEditorView.swift */; };
		C9CB1FAF2AA964BF0071AD58 /* NotificationManager.swift in Sources */ = {isa = PBXBuildFile; fileRef = C9CB1FAE2AA964BF0071AD58 /* NotificationManager.swift */; };
		C9CB1FB12AAA048B0071AD58 /* ProfileCreationScene.swift in Sources */ = {isa = PBXBuildFile; fileRef = C9CB1FB02AAA048B0071AD58 /* ProfileCreationScene.swift */; };
		C9D299E62CACB83200814965 /* StyledLocationPicker.swift in Sources */ = {isa = PBXBuildFile; fileRef = C9D299E52CACB83200814965 /* StyledLocationPicker.swift */; };
		C9D8C5072A69BC88005ADA0B /* GoalsCharts.swift in Sources */ = {isa = PBXBuildFile; fileRef = C9D8C5062A69BC88005ADA0B /* GoalsCharts.swift */; };
		C9D8C5092A69C3B3005ADA0B /* RecallIndex.swift in Sources */ = {isa = PBXBuildFile; fileRef = C9D8C5082A69C3B3005ADA0B /* RecallIndex.swift */; };
		C9E0B17D2B03E5F000318508 /* RecallUpdate.swift in Sources */ = {isa = PBXBuildFile; fileRef = C9E0B17C2B03E5F000318508 /* RecallUpdate.swift */; };
		C9E3E01E2C91F099000E0911 /* CreationFormView.swift in Sources */ = {isa = PBXBuildFile; fileRef = C9E3E01D2C91F099000E0911 /* CreationFormView.swift */; };
		C9E3E02F2C9207B5000E0911 /* CactusTimeDial.swift in Sources */ = {isa = PBXBuildFile; fileRef = C9E3E02E2C9207B5000E0911 /* CactusTimeDial.swift */; };
		C9E49D162A68AC820023EBC0 /* RecallGoal.swift in Sources */ = {isa = PBXBuildFile; fileRef = C9E49D152A68AC820023EBC0 /* RecallGoal.swift */; };
		C9E49D182A68AF750023EBC0 /* GoalCreationView.swift in Sources */ = {isa = PBXBuildFile; fileRef = C9E49D172A68AF750023EBC0 /* GoalCreationView.swift */; };
		C9EA0EE52A6B48F200E36EF1 /* CategoriesPageView.swift in Sources */ = {isa = PBXBuildFile; fileRef = C9EA0EE42A6B48F200E36EF1 /* CategoriesPageView.swift */; };
		C9EA0EE72A6B556300E36EF1 /* CategoryCreationView.swift in Sources */ = {isa = PBXBuildFile; fileRef = C9EA0EE62A6B556300E36EF1 /* CategoryCreationView.swift */; };
		C9F829282CB0C783002342B7 /* LocationManager.swift in Sources */ = {isa = PBXBuildFile; fileRef = C9F829272CB0C783002342B7 /* LocationManager.swift */; };
/* End PBXBuildFile section */

/* Begin PBXContainerItemProxy section */
		C91BCF002A618437003C6DD6 /* PBXContainerItemProxy */ = {
			isa = PBXContainerItemProxy;
			containerPortal = C91BCEE62A618434003C6DD6 /* Project object */;
			proxyType = 1;
			remoteGlobalIDString = C91BCEED2A618434003C6DD6;
			remoteInfo = Recall;
		};
		C91BCF0A2A618437003C6DD6 /* PBXContainerItemProxy */ = {
			isa = PBXContainerItemProxy;
			containerPortal = C91BCEE62A618434003C6DD6 /* Project object */;
			proxyType = 1;
			remoteGlobalIDString = C91BCEED2A618434003C6DD6;
			remoteInfo = Recall;
		};
/* End PBXContainerItemProxy section */

/* Begin PBXCopyFilesBuildPhase section */
		C9B8DF602C63344500B11A38 /* Embed Frameworks */ = {
			isa = PBXCopyFilesBuildPhase;
			buildActionMask = 2147483647;
			dstPath = "";
			dstSubfolderSpec = 10;
			files = (
				C9C470DC2CE8A51C004AB489 /* RealmSwift in Embed Frameworks */,
			);
			name = "Embed Frameworks";
			runOnlyForDeploymentPostprocessing = 0;
		};
/* End PBXCopyFilesBuildPhase section */

/* Begin PBXFileReference section */
		C908FFF92A8BC32B00E3BBEA /* UniversalCharts.swift */ = {isa = PBXFileReference; lastKnownFileType = sourcecode.swift; path = UniversalCharts.swift; sourceTree = "<group>"; };
		C915A0062A67213F009F6C84 /* RecallCategory.swift */ = {isa = PBXFileReference; lastKnownFileType = sourcecode.swift; path = RecallCategory.swift; sourceTree = "<group>"; };
		C9186A952A789B9B00398BF8 /* DataPageView.swift */ = {isa = PBXFileReference; lastKnownFileType = sourcecode.swift; path = DataPageView.swift; sourceTree = "<group>"; };
		C9186A972A78A2EE00398BF8 /* Charts.swift */ = {isa = PBXFileReference; lastKnownFileType = sourcecode.swift; path = Charts.swift; sourceTree = "<group>"; };
		C9186A992A78AE6900398BF8 /* DataSummaries.swift */ = {isa = PBXFileReference; lastKnownFileType = sourcecode.swift; path = DataSummaries.swift; sourceTree = "<group>"; };
		C91A81292C76807400EFF561 /* RecallCalendarContainerViewModel.swift */ = {isa = PBXFileReference; lastKnownFileType = sourcecode.swift; path = RecallCalendarContainerViewModel.swift; sourceTree = "<group>"; };
		C91A812D2C77DB6F00EFF561 /* TabBar.swift */ = {isa = PBXFileReference; lastKnownFileType = sourcecode.swift; path = TabBar.swift; sourceTree = "<group>"; };
		C91BCEEE2A618435003C6DD6 /* Recall.app */ = {isa = PBXFileReference; explicitFileType = wrapper.application; includeInIndex = 0; path = Recall.app; sourceTree = BUILT_PRODUCTS_DIR; };
		C91BCEF12A618435003C6DD6 /* RecallApp.swift */ = {isa = PBXFileReference; lastKnownFileType = sourcecode.swift; path = RecallApp.swift; sourceTree = "<group>"; };
		C91BCEF32A618435003C6DD6 /* RecallView.swift */ = {isa = PBXFileReference; lastKnownFileType = sourcecode.swift; path = RecallView.swift; sourceTree = "<group>"; };
		C91BCEF52A618437003C6DD6 /* Assets.xcassets */ = {isa = PBXFileReference; lastKnownFileType = folder.assetcatalog; path = Assets.xcassets; sourceTree = "<group>"; };
		C91BCEF72A618437003C6DD6 /* Recall.entitlements */ = {isa = PBXFileReference; lastKnownFileType = text.plist.entitlements; path = Recall.entitlements; sourceTree = "<group>"; };
		C91BCEF92A618437003C6DD6 /* Preview Assets.xcassets */ = {isa = PBXFileReference; lastKnownFileType = folder.assetcatalog; path = "Preview Assets.xcassets"; sourceTree = "<group>"; };
		C91BCEFF2A618437003C6DD6 /* RecallTests.xctest */ = {isa = PBXFileReference; explicitFileType = wrapper.cfbundle; includeInIndex = 0; path = RecallTests.xctest; sourceTree = BUILT_PRODUCTS_DIR; };
		C91BCF032A618437003C6DD6 /* RecallTests.swift */ = {isa = PBXFileReference; lastKnownFileType = sourcecode.swift; path = RecallTests.swift; sourceTree = "<group>"; };
		C91BCF092A618437003C6DD6 /* RecallUITests.xctest */ = {isa = PBXFileReference; explicitFileType = wrapper.cfbundle; includeInIndex = 0; path = RecallUITests.xctest; sourceTree = BUILT_PRODUCTS_DIR; };
		C91BCF0D2A618437003C6DD6 /* RecallUITests.swift */ = {isa = PBXFileReference; lastKnownFileType = sourcecode.swift; path = RecallUITests.swift; sourceTree = "<group>"; };
		C91BCF0F2A618437003C6DD6 /* RecallUITestsLaunchTests.swift */ = {isa = PBXFileReference; lastKnownFileType = sourcecode.swift; path = RecallUITestsLaunchTests.swift; sourceTree = "<group>"; };
		C91BCF212A61C374003C6DD6 /* RealmManager.swift */ = {isa = PBXFileReference; lastKnownFileType = sourcecode.swift; path = RealmManager.swift; sourceTree = "<group>"; };
		C91BCF242A61D0B9003C6DD6 /* PermissionManager.swift */ = {isa = PBXFileReference; lastKnownFileType = sourcecode.swift; path = PermissionManager.swift; sourceTree = "<group>"; };
		C91BCF262A61D0DB003C6DD6 /* RecallModel.swift */ = {isa = PBXFileReference; lastKnownFileType = sourcecode.swift; path = RecallModel.swift; sourceTree = "<group>"; };
		C91BCF2B2A61DCFF003C6DD6 /* OpenFlexibleRealmView.swift */ = {isa = PBXFileReference; lastKnownFileType = sourcecode.swift; path = OpenFlexibleRealmView.swift; sourceTree = "<group>"; };
		C91BCF302A61DDBA003C6DD6 /* Constants.swift */ = {isa = PBXFileReference; lastKnownFileType = sourcecode.swift; path = Constants.swift; sourceTree = "<group>"; };
		C91BCF322A61DE55003C6DD6 /* Extensions.swift */ = {isa = PBXFileReference; lastKnownFileType = sourcecode.swift; path = Extensions.swift; sourceTree = "<group>"; };
		C91BCF362A61DED5003C6DD6 /* UniversalButtons.swift */ = {isa = PBXFileReference; lastKnownFileType = sourcecode.swift; path = UniversalButtons.swift; sourceTree = "<group>"; };
		C91BCF382A61E0EB003C6DD6 /* RecallCalendarEvent.swift */ = {isa = PBXFileReference; lastKnownFileType = sourcecode.swift; path = RecallCalendarEvent.swift; sourceTree = "<group>"; };
		C91BCF3B2A61E3EE003C6DD6 /* MainView.swift */ = {isa = PBXFileReference; lastKnownFileType = sourcecode.swift; path = MainView.swift; sourceTree = "<group>"; };
		C91E1CF62AFC788800029F43 /* TemplatesPagView.swift */ = {isa = PBXFileReference; lastKnownFileType = sourcecode.swift; path = TemplatesPagView.swift; sourceTree = "<group>"; };
		C91E1CF82AFC789300029F43 /* TagsPageView.swift */ = {isa = PBXFileReference; lastKnownFileType = sourcecode.swift; path = TagsPageView.swift; sourceTree = "<group>"; };
		C91E1CFA2AFC789E00029F43 /* FavoritesPageView.swift */ = {isa = PBXFileReference; lastKnownFileType = sourcecode.swift; path = FavoritesPageView.swift; sourceTree = "<group>"; };
		C92284892CC055B700280BFA /* RecallDailySummary.swift */ = {isa = PBXFileReference; lastKnownFileType = sourcecode.swift; path = RecallDailySummary.swift; sourceTree = "<group>"; };
		C922848D2CC7730900280BFA /* SF-Mono-Medium.otf */ = {isa = PBXFileReference; lastKnownFileType = file; path = "SF-Mono-Medium.otf"; sourceTree = "<group>"; };
		C922848F2CC7747100280BFA /* SF-Pro.ttf */ = {isa = PBXFileReference; lastKnownFileType = file; path = "SF-Pro.ttf"; sourceTree = "<group>"; };
		C92284912CC7755700280BFA /* Syne-Medium.ttf */ = {isa = PBXFileReference; lastKnownFileType = file; path = "Syne-Medium.ttf"; sourceTree = "<group>"; };
		C92284942CC85C8B00280BFA /* StyledPhotoPicker.swift */ = {isa = PBXFileReference; lastKnownFileType = sourcecode.swift; path = StyledPhotoPicker.swift; sourceTree = "<group>"; };
		C92284962CC85CB700280BFA /* PhotoManager.swift */ = {isa = PBXFileReference; lastKnownFileType = sourcecode.swift; path = PhotoManager.swift; sourceTree = "<group>"; };
		C92284982CC97AE700280BFA /* StyledPickerWrapper.swift */ = {isa = PBXFileReference; lastKnownFileType = sourcecode.swift; path = StyledPickerWrapper.swift; sourceTree = "<group>"; };
		C922849A2CC97CE700280BFA /* StyledPhotoPickerViewModel.swift */ = {isa = PBXFileReference; lastKnownFileType = sourcecode.swift; path = StyledPhotoPickerViewModel.swift; sourceTree = "<group>"; };
		C922849F2CD2D38700280BFA /* RecallCalendarEventImageStore.swift */ = {isa = PBXFileReference; lastKnownFileType = sourcecode.swift; path = RecallCalendarEventImageStore.swift; sourceTree = "<group>"; };
		C92284A12CD2D9EF00280BFA /* PhotoScrollerView.swift */ = {isa = PBXFileReference; lastKnownFileType = sourcecode.swift; path = PhotoScrollerView.swift; sourceTree = "<group>"; };
		C922852A2CD4AEC200280BFA /* PhotoScrollerSimultaneousGesture.swift */ = {isa = PBXFileReference; lastKnownFileType = sourcecode.swift; path = PhotoScrollerSimultaneousGesture.swift; sourceTree = "<group>"; };
		C923D51B2A8F119C00E432B9 /* RecallGoalDataModel.swift */ = {isa = PBXFileReference; lastKnownFileType = sourcecode.swift; path = RecallGoalDataModel.swift; sourceTree = "<group>"; };
		C94B1F102A688855007E8537 /* UniversalForm.swift */ = {isa = PBXFileReference; lastKnownFileType = sourcecode.swift; path = UniversalForm.swift; sourceTree = "<group>"; };
		C94B1F172A68931F007E8537 /* GoalsPageView.swift */ = {isa = PBXFileReference; lastKnownFileType = sourcecode.swift; path = GoalsPageView.swift; sourceTree = "<group>"; };
		C94F06752A6AD9F200C99EA0 /* GoalPreviewView.swift */ = {isa = PBXFileReference; lastKnownFileType = sourcecode.swift; path = GoalPreviewView.swift; sourceTree = "<group>"; };
		C94F067A2A6AF90600C99EA0 /* Info.plist */ = {isa = PBXFileReference; lastKnownFileType = text.plist.xml; path = Info.plist; sourceTree = "<group>"; };
		C94F067D2A6B215400C99EA0 /* GoalView.swift */ = {isa = PBXFileReference; lastKnownFileType = sourcecode.swift; path = GoalView.swift; sourceTree = "<group>"; };
		C954AAD02A76FA4E00897BCE /* Animations.swift */ = {isa = PBXFileReference; lastKnownFileType = sourcecode.swift; path = Animations.swift; sourceTree = "<group>"; };
		C98573432B8936AE001D9895 /* AndaleMono.ttf */ = {isa = PBXFileReference; lastKnownFileType = file; path = AndaleMono.ttf; sourceTree = "<group>"; };
		C985EB5C2CACBDE6003186BD /* LocationService.swift */ = {isa = PBXFileReference; lastKnownFileType = sourcecode.swift; path = LocationService.swift; sourceTree = "<group>"; };
		C98CEE0E2AFFFC3E00B75924 /* UpdateManager.swift */ = {isa = PBXFileReference; lastKnownFileType = sourcecode.swift; path = UpdateManager.swift; sourceTree = "<group>"; };
		C98CEE102B00246800B75924 /* UpdateView.swift */ = {isa = PBXFileReference; lastKnownFileType = sourcecode.swift; path = UpdateView.swift; sourceTree = "<group>"; };
		C98D033B2A846D8100729334 /* ChartsHelperStructs.swift */ = {isa = PBXFileReference; lastKnownFileType = sourcecode.swift; path = ChartsHelperStructs.swift; sourceTree = "<group>"; };
		C98D033D2A868DEB00729334 /* RecallDataModel.swift */ = {isa = PBXFileReference; lastKnownFileType = sourcecode.swift; path = RecallDataModel.swift; sourceTree = "<group>"; };
		C98F2F212A94134F00E92B30 /* LoginView.swift */ = {isa = PBXFileReference; lastKnownFileType = sourcecode.swift; path = LoginView.swift; sourceTree = "<group>"; };
		C98F2F242A94435600E92B30 /* SplashScreen.swift */ = {isa = PBXFileReference; lastKnownFileType = sourcecode.swift; path = SplashScreen.swift; sourceTree = "<group>"; };
		C98F2F262A945B7400E92B30 /* ProfileView.swift */ = {isa = PBXFileReference; lastKnownFileType = sourcecode.swift; path = ProfileView.swift; sourceTree = "<group>"; };
		C98F2F282A9859BD00E92B30 /* ProfileViewEditor.swift */ = {isa = PBXFileReference; lastKnownFileType = sourcecode.swift; path = ProfileViewEditor.swift; sourceTree = "<group>"; };
		C98F2F2A2A9D216700E92B30 /* TutorialViews.swift */ = {isa = PBXFileReference; lastKnownFileType = sourcecode.swift; path = TutorialViews.swift; sourceTree = "<group>"; };
		C98F2F2D2A9D336200E92B30 /* GoalsCreationScene.swift */ = {isa = PBXFileReference; lastKnownFileType = sourcecode.swift; path = GoalsCreationScene.swift; sourceTree = "<group>"; };
		C98F2F2F2A9D3F3300E92B30 /* TagsCreationScene.swift */ = {isa = PBXFileReference; lastKnownFileType = sourcecode.swift; path = TagsCreationScene.swift; sourceTree = "<group>"; };
		C98F2F312A9DC49300E92B30 /* EventsCreationScene.swift */ = {isa = PBXFileReference; lastKnownFileType = sourcecode.swift; path = EventsCreationScene.swift; sourceTree = "<group>"; };
		C9BF38B82C9A0EA200AA8C3F /* dark.png */ = {isa = PBXFileReference; lastKnownFileType = image.png; path = dark.png; sourceTree = "<group>"; };
		C9BF38B92C9A0EA200AA8C3F /* light.png */ = {isa = PBXFileReference; lastKnownFileType = image.png; path = light.png; sourceTree = "<group>"; };
		C9BFBC922CB4D6FF00ADC110 /* InfiniteScroller.swift */ = {isa = PBXFileReference; lastKnownFileType = sourcecode.swift; path = InfiniteScroller.swift; sourceTree = "<group>"; };
		C9C470D62CE8550D004AB489 /* NavigationCoordinator.swift */ = {isa = PBXFileReference; lastKnownFileType = sourcecode.swift; path = NavigationCoordinator.swift; sourceTree = "<group>"; };
		C9C470D82CE85578004AB489 /* NavgiationStyle.swift */ = {isa = PBXFileReference; lastKnownFileType = sourcecode.swift; path = NavgiationStyle.swift; sourceTree = "<group>"; };
		C9C470DA2CE858B1004AB489 /* NavigationCoordinatorView.swift */ = {isa = PBXFileReference; lastKnownFileType = sourcecode.swift; path = NavigationCoordinatorView.swift; sourceTree = "<group>"; };
		C9C470DD2CE98F16004AB489 /* MonthlyCalendarViewModel.swift */ = {isa = PBXFileReference; lastKnownFileType = sourcecode.swift; path = MonthlyCalendarViewModel.swift; sourceTree = "<group>"; };
		C9C470E52CEAA183004AB489 /* EventsDataSection.swift */ = {isa = PBXFileReference; lastKnownFileType = sourcecode.swift; path = EventsDataSection.swift; sourceTree = "<group>"; };
		C9C470E62CEAA183004AB489 /* GoalsDataSection.swift */ = {isa = PBXFileReference; lastKnownFileType = sourcecode.swift; path = GoalsDataSection.swift; sourceTree = "<group>"; };
		C9C470E72CEAA183004AB489 /* OverviewDataSection.swift */ = {isa = PBXFileReference; lastKnownFileType = sourcecode.swift; path = OverviewDataSection.swift; sourceTree = "<group>"; };
		C9C470EC2CEAA224004AB489 /* CalendarContainer.swift */ = {isa = PBXFileReference; lastKnownFileType = sourcecode.swift; path = CalendarContainer.swift; sourceTree = "<group>"; };
		C9C470ED2CEAA224004AB489 /* CalendarView.swift */ = {isa = PBXFileReference; lastKnownFileType = sourcecode.swift; path = CalendarView.swift; sourceTree = "<group>"; };
		C9C470EF2CEAA224004AB489 /* CalendarEventCarousel.swift */ = {isa = PBXFileReference; lastKnownFileType = sourcecode.swift; path = CalendarEventCarousel.swift; sourceTree = "<group>"; };
		C9C470F02CEAA224004AB489 /* CalendarEventPreviewContentView.swift */ = {isa = PBXFileReference; lastKnownFileType = sourcecode.swift; path = CalendarEventPreviewContentView.swift; sourceTree = "<group>"; };
		C9C470F12CEAA224004AB489 /* CalendarEventPreviewView.swift */ = {isa = PBXFileReference; lastKnownFileType = sourcecode.swift; path = CalendarEventPreviewView.swift; sourceTree = "<group>"; };
		C9C470F22CEAA224004AB489 /* CalendarEventView.swift */ = {isa = PBXFileReference; lastKnownFileType = sourcecode.swift; path = CalendarEventView.swift; sourceTree = "<group>"; };
		C9C470F42CEAA224004AB489 /* EventCreationView.swift */ = {isa = PBXFileReference; lastKnownFileType = sourcecode.swift; path = EventCreationView.swift; sourceTree = "<group>"; };
		C9C470F52CEAA224004AB489 /* EventCreationViewTabBar.swift */ = {isa = PBXFileReference; lastKnownFileType = sourcecode.swift; path = EventCreationViewTabBar.swift; sourceTree = "<group>"; };
		C9C470F72CEAA224004AB489 /* CalendarPageView.swift */ = {isa = PBXFileReference; lastKnownFileType = sourcecode.swift; path = CalendarPageView.swift; sourceTree = "<group>"; };
		C9C470F82CEAA224004AB489 /* EventSelectionEditorView.swift */ = {isa = PBXFileReference; lastKnownFileType = sourcecode.swift; path = EventSelectionEditorView.swift; sourceTree = "<group>"; };
		C9C470F92CEAA224004AB489 /* MonthlyCalendarView.swift */ = {isa = PBXFileReference; lastKnownFileType = sourcecode.swift; path = MonthlyCalendarView.swift; sourceTree = "<group>"; };
		C9C470FA2CEAA224004AB489 /* RecallDailySummaryView.swift */ = {isa = PBXFileReference; lastKnownFileType = sourcecode.swift; path = RecallDailySummaryView.swift; sourceTree = "<group>"; };
		C9CB1FAE2AA964BF0071AD58 /* NotificationManager.swift */ = {isa = PBXFileReference; lastKnownFileType = sourcecode.swift; path = NotificationManager.swift; sourceTree = "<group>"; };
		C9CB1FB02AAA048B0071AD58 /* ProfileCreationScene.swift */ = {isa = PBXFileReference; lastKnownFileType = sourcecode.swift; path = ProfileCreationScene.swift; sourceTree = "<group>"; };
		C9D299E52CACB83200814965 /* StyledLocationPicker.swift */ = {isa = PBXFileReference; lastKnownFileType = sourcecode.swift; path = StyledLocationPicker.swift; sourceTree = "<group>"; };
		C9D8C5062A69BC88005ADA0B /* GoalsCharts.swift */ = {isa = PBXFileReference; lastKnownFileType = sourcecode.swift; path = GoalsCharts.swift; sourceTree = "<group>"; };
		C9D8C5082A69C3B3005ADA0B /* RecallIndex.swift */ = {isa = PBXFileReference; lastKnownFileType = sourcecode.swift; path = RecallIndex.swift; sourceTree = "<group>"; };
		C9E0B17C2B03E5F000318508 /* RecallUpdate.swift */ = {isa = PBXFileReference; lastKnownFileType = sourcecode.swift; path = RecallUpdate.swift; sourceTree = "<group>"; };
		C9E3E01D2C91F099000E0911 /* CreationFormView.swift */ = {isa = PBXFileReference; lastKnownFileType = sourcecode.swift; path = CreationFormView.swift; sourceTree = "<group>"; };
		C9E3E02E2C9207B5000E0911 /* CactusTimeDial.swift */ = {isa = PBXFileReference; fileEncoding = 4; lastKnownFileType = sourcecode.swift; path = CactusTimeDial.swift; sourceTree = "<group>"; };
		C9E49D152A68AC820023EBC0 /* RecallGoal.swift */ = {isa = PBXFileReference; lastKnownFileType = sourcecode.swift; path = RecallGoal.swift; sourceTree = "<group>"; };
		C9E49D172A68AF750023EBC0 /* GoalCreationView.swift */ = {isa = PBXFileReference; lastKnownFileType = sourcecode.swift; path = GoalCreationView.swift; sourceTree = "<group>"; };
		C9EA0EE42A6B48F200E36EF1 /* CategoriesPageView.swift */ = {isa = PBXFileReference; lastKnownFileType = sourcecode.swift; path = CategoriesPageView.swift; sourceTree = "<group>"; };
		C9EA0EE62A6B556300E36EF1 /* CategoryCreationView.swift */ = {isa = PBXFileReference; lastKnownFileType = sourcecode.swift; path = CategoryCreationView.swift; sourceTree = "<group>"; };
		C9F829272CB0C783002342B7 /* LocationManager.swift */ = {isa = PBXFileReference; lastKnownFileType = sourcecode.swift; path = LocationManager.swift; sourceTree = "<group>"; };
/* End PBXFileReference section */

/* Begin PBXFrameworksBuildPhase section */
		C91BCEEB2A618434003C6DD6 /* Frameworks */ = {
			isa = PBXFrameworksBuildPhase;
			buildActionMask = 2147483647;
			files = (
				C9C470D12CE6ECA1004AB489 /* RealmSwift in Frameworks */,
				C9BF38C12C9B56CA00AA8C3F /* UIUniversals in Frameworks */,
				C9C470CE2CE6EC84004AB489 /* UIUniversals in Frameworks */,
				C9BF38BE2C9B568400AA8C3F /* UIUniversals in Frameworks */,
			);
			runOnlyForDeploymentPostprocessing = 0;
		};
		C91BCEFC2A618437003C6DD6 /* Frameworks */ = {
			isa = PBXFrameworksBuildPhase;
			buildActionMask = 2147483647;
			files = (
			);
			runOnlyForDeploymentPostprocessing = 0;
		};
		C91BCF062A618437003C6DD6 /* Frameworks */ = {
			isa = PBXFrameworksBuildPhase;
			buildActionMask = 2147483647;
			files = (
			);
			runOnlyForDeploymentPostprocessing = 0;
		};
/* End PBXFrameworksBuildPhase section */

/* Begin PBXGroup section */
		C9186A942A789B8600398BF8 /* Data */ = {
			isa = PBXGroup;
			children = (
				C9C470E82CEAA183004AB489 /* DataSections */,
				C98D033D2A868DEB00729334 /* RecallDataModel.swift */,
				C9186A952A789B9B00398BF8 /* DataPageView.swift */,
				C9186A972A78A2EE00398BF8 /* Charts.swift */,
				C98D033B2A846D8100729334 /* ChartsHelperStructs.swift */,
				C9186A992A78AE6900398BF8 /* DataSummaries.swift */,
			);
			path = Data;
			sourceTree = "<group>";
		};
		C91BCEE52A618434003C6DD6 = {
			isa = PBXGroup;
			children = (
				C91BCEF02A618435003C6DD6 /* Recall */,
				C91BCF022A618437003C6DD6 /* RecallTests */,
				C91BCF0C2A618437003C6DD6 /* RecallUITests */,
				C91BCEEF2A618435003C6DD6 /* Products */,
			);
			sourceTree = "<group>";
		};
		C91BCEEF2A618435003C6DD6 /* Products */ = {
			isa = PBXGroup;
			children = (
				C91BCEEE2A618435003C6DD6 /* Recall.app */,
				C91BCEFF2A618437003C6DD6 /* RecallTests.xctest */,
				C91BCF092A618437003C6DD6 /* RecallUITests.xctest */,
			);
			name = Products;
			sourceTree = "<group>";
		};
		C91BCEF02A618435003C6DD6 /* Recall */ = {
			isa = PBXGroup;
			children = (
				C91BCEF72A618437003C6DD6 /* Recall.entitlements */,
				C94F067A2A6AF90600C99EA0 /* Info.plist */,
				C9EE9EAD2B608AFF0090DB16 /* Resources */,
				C91BCF2D2A61DD51003C6DD6 /* Universals */,
				C9B8DF612C69072A00B11A38 /* Launch */,
				C9B8DF632C69076F00B11A38 /* Managers */,
				C98F2F232A94430A00E92B30 /* Profile */,
				C91BCF232A61C380003C6DD6 /* Main */,
				C91BCF3A2A61E0F0003C6DD6 /* Calendar */,
				C9EA0EE22A6B48CF00E36EF1 /* Categories */,
				C94B1F192A689329007E8537 /* Goals */,
				C9186A942A789B8600398BF8 /* Data */,
				C91BCEF82A618437003C6DD6 /* Preview Content */,
			);
			path = Recall;
			sourceTree = "<group>";
		};
		C91BCEF82A618437003C6DD6 /* Preview Content */ = {
			isa = PBXGroup;
			children = (
				C91BCEF92A618437003C6DD6 /* Preview Assets.xcassets */,
			);
			path = "Preview Content";
			sourceTree = "<group>";
		};
		C91BCF022A618437003C6DD6 /* RecallTests */ = {
			isa = PBXGroup;
			children = (
				C91BCF032A618437003C6DD6 /* RecallTests.swift */,
			);
			path = RecallTests;
			sourceTree = "<group>";
		};
		C91BCF0C2A618437003C6DD6 /* RecallUITests */ = {
			isa = PBXGroup;
			children = (
				C91BCF0D2A618437003C6DD6 /* RecallUITests.swift */,
				C91BCF0F2A618437003C6DD6 /* RecallUITestsLaunchTests.swift */,
			);
			path = RecallUITests;
			sourceTree = "<group>";
		};
		C91BCF232A61C380003C6DD6 /* Main */ = {
			isa = PBXGroup;
			children = (
				C9C470D22CE854EC004AB489 /* Navigation */,
				C91BCEF12A618435003C6DD6 /* RecallApp.swift */,
				C91BCEF32A618435003C6DD6 /* RecallView.swift */,
				C91BCF3B2A61E3EE003C6DD6 /* MainView.swift */,
				C91A812D2C77DB6F00EFF561 /* TabBar.swift */,
				C91BCF262A61D0DB003C6DD6 /* RecallModel.swift */,
			);
			path = Main;
			sourceTree = "<group>";
		};
		C91BCF2D2A61DD51003C6DD6 /* Universals */ = {
			isa = PBXGroup;
			children = (
				C9BFBC942CB4EBC900ADC110 /* Elements */,
				C9BFBC922CB4D6FF00ADC110 /* InfiniteScroller.swift */,
				C91BCF302A61DDBA003C6DD6 /* Constants.swift */,
				C9E3E01D2C91F099000E0911 /* CreationFormView.swift */,
				C91BCF322A61DE55003C6DD6 /* Extensions.swift */,
				C954AAD02A76FA4E00897BCE /* Animations.swift */,
			);
			path = Universals;
			sourceTree = "<group>";
		};
		C91BCF3A2A61E0F0003C6DD6 /* Calendar */ = {
			isa = PBXGroup;
			children = (
				C91BCF382A61E0EB003C6DD6 /* RecallCalendarEvent.swift */,
				C92284892CC055B700280BFA /* RecallDailySummary.swift */,
				C91A81292C76807400EFF561 /* RecallCalendarContainerViewModel.swift */,
				C9C470DD2CE98F16004AB489 /* MonthlyCalendarViewModel.swift */,
				C922849F2CD2D38700280BFA /* RecallCalendarEventImageStore.swift */,
				C9C470FB2CEAA224004AB489 /* Views */,
			);
			path = Calendar;
			sourceTree = "<group>";
		};
		C92284932CC85C7F00280BFA /* Photos */ = {
			isa = PBXGroup;
			children = (
				C92284942CC85C8B00280BFA /* StyledPhotoPicker.swift */,
				C92284A12CD2D9EF00280BFA /* PhotoScrollerView.swift */,
				C922852A2CD4AEC200280BFA /* PhotoScrollerSimultaneousGesture.swift */,
				C922849A2CC97CE700280BFA /* StyledPhotoPickerViewModel.swift */,
			);
			path = Photos;
			sourceTree = "<group>";
		};
		C94B1F192A689329007E8537 /* Goals */ = {
			isa = PBXGroup;
			children = (
				C9E49D152A68AC820023EBC0 /* RecallGoal.swift */,
				C923D51B2A8F119C00E432B9 /* RecallGoalDataModel.swift */,
				C94B1F1A2A689335007E8537 /* Views */,
			);
			path = Goals;
			sourceTree = "<group>";
		};
		C94B1F1A2A689335007E8537 /* Views */ = {
			isa = PBXGroup;
			children = (
				C94B1F172A68931F007E8537 /* GoalsPageView.swift */,
				C94F06752A6AD9F200C99EA0 /* GoalPreviewView.swift */,
				C94F067D2A6B215400C99EA0 /* GoalView.swift */,
				C9E49D172A68AF750023EBC0 /* GoalCreationView.swift */,
				C9D8C5052A69B656005ADA0B /* Charts */,
			);
			path = Views;
			sourceTree = "<group>";
		};
		C989732E2B8C1FB60014AA78 /* Icons */ = {
			isa = PBXGroup;
			children = (
				C9BF38B82C9A0EA200AA8C3F /* dark.png */,
				C9BF38B92C9A0EA200AA8C3F /* light.png */,
			);
			path = Icons;
			sourceTree = "<group>";
		};
		C98CEE0D2AFFFC2300B75924 /* UpdateManager */ = {
			isa = PBXGroup;
			children = (
				C98CEE0E2AFFFC3E00B75924 /* UpdateManager.swift */,
				C9E0B17C2B03E5F000318508 /* RecallUpdate.swift */,
				C98CEE102B00246800B75924 /* UpdateView.swift */,
			);
			path = UpdateManager;
			sourceTree = "<group>";
		};
		C98F2F232A94430A00E92B30 /* Profile */ = {
			isa = PBXGroup;
			children = (
				C9D8C5082A69C3B3005ADA0B /* RecallIndex.swift */,
				C9B8DF622C69075100B11A38 /* Views */,
			);
			path = Profile;
			sourceTree = "<group>";
		};
		C98F2F2C2A9D334C00E92B30 /* TutorialViews */ = {
			isa = PBXGroup;
			children = (
				C98F2F2A2A9D216700E92B30 /* TutorialViews.swift */,
				C98F2F2D2A9D336200E92B30 /* GoalsCreationScene.swift */,
				C98F2F2F2A9D3F3300E92B30 /* TagsCreationScene.swift */,
				C98F2F312A9DC49300E92B30 /* EventsCreationScene.swift */,
			);
			path = TutorialViews;
			sourceTree = "<group>";
		};
		C9B8DF612C69072A00B11A38 /* Launch */ = {
			isa = PBXGroup;
			children = (
				C98F2F242A94435600E92B30 /* SplashScreen.swift */,
				C98F2F212A94134F00E92B30 /* LoginView.swift */,
				C91BCF2B2A61DCFF003C6DD6 /* OpenFlexibleRealmView.swift */,
				C98F2F2C2A9D334C00E92B30 /* TutorialViews */,
			);
			path = Launch;
			sourceTree = "<group>";
		};
		C9B8DF622C69075100B11A38 /* Views */ = {
			isa = PBXGroup;
			children = (
				C98F2F262A945B7400E92B30 /* ProfileView.swift */,
				C9CB1FB02AAA048B0071AD58 /* ProfileCreationScene.swift */,
				C98F2F282A9859BD00E92B30 /* ProfileViewEditor.swift */,
			);
			path = Views;
			sourceTree = "<group>";
		};
		C9B8DF632C69076F00B11A38 /* Managers */ = {
			isa = PBXGroup;
			children = (
				C92284962CC85CB700280BFA /* PhotoManager.swift */,
				C91BCF242A61D0B9003C6DD6 /* PermissionManager.swift */,
				C9F829272CB0C783002342B7 /* LocationManager.swift */,
				C91BCF212A61C374003C6DD6 /* RealmManager.swift */,
				C9CB1FAE2AA964BF0071AD58 /* NotificationManager.swift */,
				C98CEE0D2AFFFC2300B75924 /* UpdateManager */,
			);
			path = Managers;
			sourceTree = "<group>";
		};
		C9BFBC942CB4EBC900ADC110 /* Elements */ = {
			isa = PBXGroup;
			children = (
				C91BCF362A61DED5003C6DD6 /* UniversalButtons.swift */,
				C94B1F102A688855007E8537 /* UniversalForm.swift */,
				C9E3E02E2C9207B5000E0911 /* CactusTimeDial.swift */,
				C908FFF92A8BC32B00E3BBEA /* UniversalCharts.swift */,
				C92284982CC97AE700280BFA /* StyledPickerWrapper.swift */,
				C92284932CC85C7F00280BFA /* Photos */,
				C9D299E42CACB81400814965 /* Maps */,
			);
			path = Elements;
			sourceTree = "<group>";
		};
		C9C470D22CE854EC004AB489 /* Navigation */ = {
			isa = PBXGroup;
			children = (
				C9C470D62CE8550D004AB489 /* NavigationCoordinator.swift */,
				C9C470DA2CE858B1004AB489 /* NavigationCoordinatorView.swift */,
				C9C470D82CE85578004AB489 /* NavgiationStyle.swift */,
			);
			path = Navigation;
			sourceTree = "<group>";
		};
		C9C470E82CEAA183004AB489 /* DataSections */ = {
			isa = PBXGroup;
			children = (
				C9C470E52CEAA183004AB489 /* EventsDataSection.swift */,
				C9C470E62CEAA183004AB489 /* GoalsDataSection.swift */,
				C9C470E72CEAA183004AB489 /* OverviewDataSection.swift */,
			);
			path = DataSections;
			sourceTree = "<group>";
		};
		C9C470EE2CEAA224004AB489 /* CalendarContainer */ = {
			isa = PBXGroup;
			children = (
				C9C470EC2CEAA224004AB489 /* CalendarContainer.swift */,
				C9C470ED2CEAA224004AB489 /* CalendarView.swift */,
			);
			path = CalendarContainer;
			sourceTree = "<group>";
		};
		C9C470F32CEAA224004AB489 /* CalendarEvent */ = {
			isa = PBXGroup;
			children = (
				C9C470EF2CEAA224004AB489 /* CalendarEventCarousel.swift */,
				C9C470F02CEAA224004AB489 /* CalendarEventPreviewContentView.swift */,
				C9C470F12CEAA224004AB489 /* CalendarEventPreviewView.swift */,
				C9C470F22CEAA224004AB489 /* CalendarEventView.swift */,
			);
			path = CalendarEvent;
			sourceTree = "<group>";
		};
		C9C470F62CEAA224004AB489 /* CreationView */ = {
			isa = PBXGroup;
			children = (
				C9C470F42CEAA224004AB489 /* EventCreationView.swift */,
				C9C470F52CEAA224004AB489 /* EventCreationViewTabBar.swift */,
			);
			path = CreationView;
			sourceTree = "<group>";
		};
		C9C470FB2CEAA224004AB489 /* Views */ = {
			isa = PBXGroup;
			children = (
				C9C470EE2CEAA224004AB489 /* CalendarContainer */,
				C9C470F32CEAA224004AB489 /* CalendarEvent */,
				C9C470F62CEAA224004AB489 /* CreationView */,
				C9C470F72CEAA224004AB489 /* CalendarPageView.swift */,
				C9C470F82CEAA224004AB489 /* EventSelectionEditorView.swift */,
				C9C470F92CEAA224004AB489 /* MonthlyCalendarView.swift */,
				C9C470FA2CEAA224004AB489 /* RecallDailySummaryView.swift */,
			);
			path = Views;
			sourceTree = "<group>";
		};
		C9D299E42CACB81400814965 /* Maps */ = {
			isa = PBXGroup;
			children = (
				C9D299E52CACB83200814965 /* StyledLocationPicker.swift */,
				C985EB5C2CACBDE6003186BD /* LocationService.swift */,
			);
			path = Maps;
			sourceTree = "<group>";
		};
		C9D8C5052A69B656005ADA0B /* Charts */ = {
			isa = PBXGroup;
			children = (
				C9D8C5062A69BC88005ADA0B /* GoalsCharts.swift */,
			);
			path = Charts;
			sourceTree = "<group>";
		};
		C9EA0EE22A6B48CF00E36EF1 /* Categories */ = {
			isa = PBXGroup;
			children = (
				C915A0062A67213F009F6C84 /* RecallCategory.swift */,
				C9EA0EE32A6B48E600E36EF1 /* Views */,
			);
			path = Categories;
			sourceTree = "<group>";
		};
		C9EA0EE32A6B48E600E36EF1 /* Views */ = {
			isa = PBXGroup;
			children = (
				C9EA0EE42A6B48F200E36EF1 /* CategoriesPageView.swift */,
				C91E1CF62AFC788800029F43 /* TemplatesPagView.swift */,
				C91E1CF82AFC789300029F43 /* TagsPageView.swift */,
				C91E1CFA2AFC789E00029F43 /* FavoritesPageView.swift */,
				C9EA0EE62A6B556300E36EF1 /* CategoryCreationView.swift */,
			);
			path = Views;
			sourceTree = "<group>";
		};
		C9EE9EAD2B608AFF0090DB16 /* Resources */ = {
			isa = PBXGroup;
			children = (
				C98573432B8936AE001D9895 /* AndaleMono.ttf */,
				C92284912CC7755700280BFA /* Syne-Medium.ttf */,
				C922848F2CC7747100280BFA /* SF-Pro.ttf */,
				C922848D2CC7730900280BFA /* SF-Mono-Medium.otf */,
				C91BCEF52A618437003C6DD6 /* Assets.xcassets */,
				C989732E2B8C1FB60014AA78 /* Icons */,
			);
			path = Resources;
			sourceTree = "<group>";
		};
/* End PBXGroup section */

/* Begin PBXNativeTarget section */
		C91BCEED2A618434003C6DD6 /* Recall */ = {
			isa = PBXNativeTarget;
			buildConfigurationList = C91BCF132A618437003C6DD6 /* Build configuration list for PBXNativeTarget "Recall" */;
			buildPhases = (
				C91BCEEA2A618434003C6DD6 /* Sources */,
				C91BCEEB2A618434003C6DD6 /* Frameworks */,
				C985EB5B2CACBB1D003186BD /* ShellScript */,
				C91BCEEC2A618434003C6DD6 /* Resources */,
				C9B8DF602C63344500B11A38 /* Embed Frameworks */,
			);
			buildRules = (
			);
			dependencies = (
			);
			name = Recall;
			packageProductDependencies = (
				C9BF38BD2C9B568400AA8C3F /* UIUniversals */,
				C9BF38C02C9B56CA00AA8C3F /* UIUniversals */,
				C9C470CD2CE6EC84004AB489 /* UIUniversals */,
				C9C470D02CE6ECA1004AB489 /* RealmSwift */,
			);
			productName = Recall;
			productReference = C91BCEEE2A618435003C6DD6 /* Recall.app */;
			productType = "com.apple.product-type.application";
		};
		C91BCEFE2A618437003C6DD6 /* RecallTests */ = {
			isa = PBXNativeTarget;
			buildConfigurationList = C91BCF162A618437003C6DD6 /* Build configuration list for PBXNativeTarget "RecallTests" */;
			buildPhases = (
				C91BCEFB2A618437003C6DD6 /* Sources */,
				C91BCEFC2A618437003C6DD6 /* Frameworks */,
				C91BCEFD2A618437003C6DD6 /* Resources */,
			);
			buildRules = (
			);
			dependencies = (
				C91BCF012A618437003C6DD6 /* PBXTargetDependency */,
			);
			name = RecallTests;
			productName = RecallTests;
			productReference = C91BCEFF2A618437003C6DD6 /* RecallTests.xctest */;
			productType = "com.apple.product-type.bundle.unit-test";
		};
		C91BCF082A618437003C6DD6 /* RecallUITests */ = {
			isa = PBXNativeTarget;
			buildConfigurationList = C91BCF192A618437003C6DD6 /* Build configuration list for PBXNativeTarget "RecallUITests" */;
			buildPhases = (
				C91BCF052A618437003C6DD6 /* Sources */,
				C91BCF062A618437003C6DD6 /* Frameworks */,
				C91BCF072A618437003C6DD6 /* Resources */,
			);
			buildRules = (
			);
			dependencies = (
				C91BCF0B2A618437003C6DD6 /* PBXTargetDependency */,
			);
			name = RecallUITests;
			productName = RecallUITests;
			productReference = C91BCF092A618437003C6DD6 /* RecallUITests.xctest */;
			productType = "com.apple.product-type.bundle.ui-testing";
		};
/* End PBXNativeTarget section */

/* Begin PBXProject section */
		C91BCEE62A618434003C6DD6 /* Project object */ = {
			isa = PBXProject;
			attributes = {
				BuildIndependentTargetsInParallel = 1;
				LastSwiftUpdateCheck = 1430;
				LastUpgradeCheck = 1600;
				TargetAttributes = {
					C91BCEED2A618434003C6DD6 = {
						CreatedOnToolsVersion = 14.3.1;
					};
					C91BCEFE2A618437003C6DD6 = {
						CreatedOnToolsVersion = 14.3.1;
						TestTargetID = C91BCEED2A618434003C6DD6;
					};
					C91BCF082A618437003C6DD6 = {
						CreatedOnToolsVersion = 14.3.1;
						TestTargetID = C91BCEED2A618434003C6DD6;
					};
				};
			};
			buildConfigurationList = C91BCEE92A618434003C6DD6 /* Build configuration list for PBXProject "Recall" */;
			compatibilityVersion = "Xcode 14.0";
			developmentRegion = en;
			hasScannedForEncodings = 0;
			knownRegions = (
				en,
				Base,
			);
			mainGroup = C91BCEE52A618434003C6DD6;
			packageReferences = (
				C94B1F122A6888C1007E8537 /* XCRemoteSwiftPackageReference "SymbolPicker" */,
				C9C470CC2CE6EC84004AB489 /* XCLocalSwiftPackageReference "../Packages/UIUniversals" */,
				C9C470CF2CE6ECA1004AB489 /* XCRemoteSwiftPackageReference "realm-swift" */,
			);
			productRefGroup = C91BCEEF2A618435003C6DD6 /* Products */;
			projectDirPath = "";
			projectRoot = "";
			targets = (
				C91BCEED2A618434003C6DD6 /* Recall */,
				C91BCEFE2A618437003C6DD6 /* RecallTests */,
				C91BCF082A618437003C6DD6 /* RecallUITests */,
			);
		};
/* End PBXProject section */

/* Begin PBXResourcesBuildPhase section */
		C91BCEEC2A618434003C6DD6 /* Resources */ = {
			isa = PBXResourcesBuildPhase;
			buildActionMask = 2147483647;
			files = (
				C92284922CC7755700280BFA /* Syne-Medium.ttf in Resources */,
				C922848E2CC7730900280BFA /* SF-Mono-Medium.otf in Resources */,
				C91BCEFA2A618437003C6DD6 /* Preview Assets.xcassets in Resources */,
				C9BF38BA2C9A0EA200AA8C3F /* dark.png in Resources */,
				C92284902CC7747100280BFA /* SF-Pro.ttf in Resources */,
				C9BF38BB2C9A0EA200AA8C3F /* light.png in Resources */,
				C98573442B8936AE001D9895 /* AndaleMono.ttf in Resources */,
				C91BCEF62A618437003C6DD6 /* Assets.xcassets in Resources */,
			);
			runOnlyForDeploymentPostprocessing = 0;
		};
		C91BCEFD2A618437003C6DD6 /* Resources */ = {
			isa = PBXResourcesBuildPhase;
			buildActionMask = 2147483647;
			files = (
			);
			runOnlyForDeploymentPostprocessing = 0;
		};
		C91BCF072A618437003C6DD6 /* Resources */ = {
			isa = PBXResourcesBuildPhase;
			buildActionMask = 2147483647;
			files = (
			);
			runOnlyForDeploymentPostprocessing = 0;
		};
/* End PBXResourcesBuildPhase section */

/* Begin PBXShellScriptBuildPhase section */
		C985EB5B2CACBB1D003186BD /* ShellScript */ = {
			isa = PBXShellScriptBuildPhase;
			buildActionMask = 2147483647;
			files = (
			);
			inputFileListPaths = (
			);
			inputPaths = (
			);
			outputFileListPaths = (
			);
			outputPaths = (
			);
			runOnlyForDeploymentPostprocessing = 0;
			shellPath = /bin/sh;
			shellScript = "echo \"running!\"\n\nif [ $ENABLE_PREVIEWS == \"NO\" ]\nthen\n    echo \"Previews not enabled\"\nelse\n  echo \"Skipping Bump of version\"\n  echo $ENABLE_PREVIEWS\nfi\n";
		};
/* End PBXShellScriptBuildPhase section */

/* Begin PBXSourcesBuildPhase section */
		C91BCEEA2A618434003C6DD6 /* Sources */ = {
			isa = PBXSourcesBuildPhase;
			buildActionMask = 2147483647;
			files = (
				C91E1CFB2AFC789E00029F43 /* FavoritesPageView.swift in Sources */,
				C91BCEF42A618435003C6DD6 /* RecallView.swift in Sources */,
				C9E49D162A68AC820023EBC0 /* RecallGoal.swift in Sources */,
				C91BCF332A61DE55003C6DD6 /* Extensions.swift in Sources */,
				C91A812A2C76807400EFF561 /* RecallCalendarContainerViewModel.swift in Sources */,
				C94F06762A6AD9F200C99EA0 /* GoalPreviewView.swift in Sources */,
				C92284A02CD2D38700280BFA /* RecallCalendarEventImageStore.swift in Sources */,
				C91BCF372A61DED5003C6DD6 /* UniversalButtons.swift in Sources */,
				C9C470FC2CEAA224004AB489 /* CalendarView.swift in Sources */,
				C9C470FD2CEAA224004AB489 /* CalendarEventCarousel.swift in Sources */,
				C9C470FE2CEAA224004AB489 /* EventCreationView.swift in Sources */,
				C9C470FF2CEAA224004AB489 /* CalendarEventPreviewContentView.swift in Sources */,
				C9C471002CEAA224004AB489 /* EventCreationViewTabBar.swift in Sources */,
				C9C471012CEAA224004AB489 /* CalendarEventView.swift in Sources */,
				C9C471022CEAA224004AB489 /* CalendarContainer.swift in Sources */,
				C9C471032CEAA224004AB489 /* RecallDailySummaryView.swift in Sources */,
				C9C471042CEAA224004AB489 /* CalendarEventPreviewView.swift in Sources */,
				C9C471052CEAA224004AB489 /* MonthlyCalendarView.swift in Sources */,
				C9C471062CEAA224004AB489 /* CalendarPageView.swift in Sources */,
				C9C471072CEAA224004AB489 /* EventSelectionEditorView.swift in Sources */,
				C91BCF392A61E0EB003C6DD6 /* RecallCalendarEvent.swift in Sources */,
				C985EB5D2CACBDE6003186BD /* LocationService.swift in Sources */,
				C91BCEF22A618435003C6DD6 /* RecallApp.swift in Sources */,
				C9D299E62CACB83200814965 /* StyledLocationPicker.swift in Sources */,
				C94B1F112A688855007E8537 /* UniversalForm.swift in Sources */,
				C98F2F222A94134F00E92B30 /* LoginView.swift in Sources */,
				C98F2F292A9859BD00E92B30 /* ProfileViewEditor.swift in Sources */,
				C98F2F322A9DC49300E92B30 /* EventsCreationScene.swift in Sources */,
				C98CEE0F2AFFFC3E00B75924 /* UpdateManager.swift in Sources */,
				C915A0072A67213F009F6C84 /* RecallCategory.swift in Sources */,
				C91BCF252A61D0B9003C6DD6 /* PermissionManager.swift in Sources */,
				C9C470E92CEAA184004AB489 /* OverviewDataSection.swift in Sources */,
				C9C470EA2CEAA184004AB489 /* GoalsDataSection.swift in Sources */,
				C9C470EB2CEAA184004AB489 /* EventsDataSection.swift in Sources */,
				C91E1CF72AFC788800029F43 /* TemplatesPagView.swift in Sources */,
				C91A812E2C77DB6F00EFF561 /* TabBar.swift in Sources */,
				C92284972CC85CB700280BFA /* PhotoManager.swift in Sources */,
				C98F2F2E2A9D336200E92B30 /* GoalsCreationScene.swift in Sources */,
				C9E3E01E2C91F099000E0911 /* CreationFormView.swift in Sources */,
				C98F2F302A9D3F3300E92B30 /* TagsCreationScene.swift in Sources */,
				C91BCF3C2A61E3EE003C6DD6 /* MainView.swift in Sources */,
				C9EA0EE52A6B48F200E36EF1 /* CategoriesPageView.swift in Sources */,
				C9E3E02F2C9207B5000E0911 /* CactusTimeDial.swift in Sources */,
				C9CB1FAF2AA964BF0071AD58 /* NotificationManager.swift in Sources */,
				C98F2F2B2A9D216700E92B30 /* TutorialViews.swift in Sources */,
				C92284992CC97AE700280BFA /* StyledPickerWrapper.swift in Sources */,
				C908FFFA2A8BC32B00E3BBEA /* UniversalCharts.swift in Sources */,
				C9E49D182A68AF750023EBC0 /* GoalCreationView.swift in Sources */,
				C92284A22CD2D9EF00280BFA /* PhotoScrollerView.swift in Sources */,
				C91BCF2C2A61DCFF003C6DD6 /* OpenFlexibleRealmView.swift in Sources */,
				C922852B2CD4AEC200280BFA /* PhotoScrollerSimultaneousGesture.swift in Sources */,
				C98D033C2A846D8100729334 /* ChartsHelperStructs.swift in Sources */,
				C98CEE112B00246800B75924 /* UpdateView.swift in Sources */,
				C922849B2CC97CE700280BFA /* StyledPhotoPickerViewModel.swift in Sources */,
				C91E1CF92AFC789300029F43 /* TagsPageView.swift in Sources */,
				C9C470DE2CE98F16004AB489 /* MonthlyCalendarViewModel.swift in Sources */,
				C98D033E2A868DEB00729334 /* RecallDataModel.swift in Sources */,
				C92284952CC85C8B00280BFA /* StyledPhotoPicker.swift in Sources */,
				C9186A982A78A2EE00398BF8 /* Charts.swift in Sources */,
				C9D8C5092A69C3B3005ADA0B /* RecallIndex.swift in Sources */,
				C9C470D92CE85578004AB489 /* NavgiationStyle.swift in Sources */,
				C91BCF222A61C374003C6DD6 /* RealmManager.swift in Sources */,
				C98F2F252A94435600E92B30 /* SplashScreen.swift in Sources */,
				C9C470D72CE8550D004AB489 /* NavigationCoordinator.swift in Sources */,
				C9D8C5072A69BC88005ADA0B /* GoalsCharts.swift in Sources */,
				C9F829282CB0C783002342B7 /* LocationManager.swift in Sources */,
				C94B1F182A68931F007E8537 /* GoalsPageView.swift in Sources */,
				C9EA0EE72A6B556300E36EF1 /* CategoryCreationView.swift in Sources */,
				C923D51C2A8F119C00E432B9 /* RecallGoalDataModel.swift in Sources */,
				C94F067E2A6B215500C99EA0 /* GoalView.swift in Sources */,
				C98F2F272A945B7400E92B30 /* ProfileView.swift in Sources */,
				C9BFBC932CB4D6FF00ADC110 /* InfiniteScroller.swift in Sources */,
				C91BCF272A61D0DB003C6DD6 /* RecallModel.swift in Sources */,
				C9186A962A789B9B00398BF8 /* DataPageView.swift in Sources */,
				C9C470DB2CE858B1004AB489 /* NavigationCoordinatorView.swift in Sources */,
				C954AAD12A76FA4E00897BCE /* Animations.swift in Sources */,
				C9E0B17D2B03E5F000318508 /* RecallUpdate.swift in Sources */,
				C9CB1FB12AAA048B0071AD58 /* ProfileCreationScene.swift in Sources */,
				C91BCF312A61DDBA003C6DD6 /* Constants.swift in Sources */,
				C9186A9A2A78AE6900398BF8 /* DataSummaries.swift in Sources */,
				C922848A2CC055B700280BFA /* RecallDailySummary.swift in Sources */,
			);
			runOnlyForDeploymentPostprocessing = 0;
		};
		C91BCEFB2A618437003C6DD6 /* Sources */ = {
			isa = PBXSourcesBuildPhase;
			buildActionMask = 2147483647;
			files = (
				C91BCF042A618437003C6DD6 /* RecallTests.swift in Sources */,
			);
			runOnlyForDeploymentPostprocessing = 0;
		};
		C91BCF052A618437003C6DD6 /* Sources */ = {
			isa = PBXSourcesBuildPhase;
			buildActionMask = 2147483647;
			files = (
				C91BCF0E2A618437003C6DD6 /* RecallUITests.swift in Sources */,
				C91BCF102A618437003C6DD6 /* RecallUITestsLaunchTests.swift in Sources */,
			);
			runOnlyForDeploymentPostprocessing = 0;
		};
/* End PBXSourcesBuildPhase section */

/* Begin PBXTargetDependency section */
		C91BCF012A618437003C6DD6 /* PBXTargetDependency */ = {
			isa = PBXTargetDependency;
			target = C91BCEED2A618434003C6DD6 /* Recall */;
			targetProxy = C91BCF002A618437003C6DD6 /* PBXContainerItemProxy */;
		};
		C91BCF0B2A618437003C6DD6 /* PBXTargetDependency */ = {
			isa = PBXTargetDependency;
			target = C91BCEED2A618434003C6DD6 /* Recall */;
			targetProxy = C91BCF0A2A618437003C6DD6 /* PBXContainerItemProxy */;
		};
/* End PBXTargetDependency section */

/* Begin XCBuildConfiguration section */
		C91BCF112A618437003C6DD6 /* Debug */ = {
			isa = XCBuildConfiguration;
			buildSettings = {
				ALWAYS_SEARCH_USER_PATHS = NO;
				ASSETCATALOG_COMPILER_GENERATE_SWIFT_ASSET_SYMBOL_EXTENSIONS = YES;
				CLANG_ANALYZER_NONNULL = YES;
				CLANG_ANALYZER_NUMBER_OBJECT_CONVERSION = YES_AGGRESSIVE;
				CLANG_CXX_LANGUAGE_STANDARD = "gnu++20";
				CLANG_ENABLE_MODULES = YES;
				CLANG_ENABLE_OBJC_ARC = YES;
				CLANG_ENABLE_OBJC_WEAK = YES;
				CLANG_WARN_BLOCK_CAPTURE_AUTORELEASING = YES;
				CLANG_WARN_BOOL_CONVERSION = YES;
				CLANG_WARN_COMMA = YES;
				CLANG_WARN_CONSTANT_CONVERSION = YES;
				CLANG_WARN_DEPRECATED_OBJC_IMPLEMENTATIONS = YES;
				CLANG_WARN_DIRECT_OBJC_ISA_USAGE = YES_ERROR;
				CLANG_WARN_DOCUMENTATION_COMMENTS = YES;
				CLANG_WARN_EMPTY_BODY = YES;
				CLANG_WARN_ENUM_CONVERSION = YES;
				CLANG_WARN_INFINITE_RECURSION = YES;
				CLANG_WARN_INT_CONVERSION = YES;
				CLANG_WARN_NON_LITERAL_NULL_CONVERSION = YES;
				CLANG_WARN_OBJC_IMPLICIT_RETAIN_SELF = YES;
				CLANG_WARN_OBJC_LITERAL_CONVERSION = YES;
				CLANG_WARN_OBJC_ROOT_CLASS = YES_ERROR;
				CLANG_WARN_QUOTED_INCLUDE_IN_FRAMEWORK_HEADER = YES;
				CLANG_WARN_RANGE_LOOP_ANALYSIS = YES;
				CLANG_WARN_STRICT_PROTOTYPES = YES;
				CLANG_WARN_SUSPICIOUS_MOVE = YES;
				CLANG_WARN_UNGUARDED_AVAILABILITY = YES_AGGRESSIVE;
				CLANG_WARN_UNREACHABLE_CODE = YES;
				CLANG_WARN__DUPLICATE_METHOD_MATCH = YES;
				COPY_PHASE_STRIP = NO;
				DEAD_CODE_STRIPPING = YES;
				DEBUG_INFORMATION_FORMAT = dwarf;
				ENABLE_STRICT_OBJC_MSGSEND = YES;
				ENABLE_TESTABILITY = YES;
				ENABLE_USER_SCRIPT_SANDBOXING = YES;
				GCC_C_LANGUAGE_STANDARD = gnu11;
				GCC_DYNAMIC_NO_PIC = NO;
				GCC_NO_COMMON_BLOCKS = YES;
				GCC_OPTIMIZATION_LEVEL = 0;
				GCC_PREPROCESSOR_DEFINITIONS = (
					"DEBUG=1",
					"$(inherited)",
				);
				GCC_WARN_64_TO_32_BIT_CONVERSION = YES;
				GCC_WARN_ABOUT_RETURN_TYPE = YES_ERROR;
				GCC_WARN_UNDECLARED_SELECTOR = YES;
				GCC_WARN_UNINITIALIZED_AUTOS = YES_AGGRESSIVE;
				GCC_WARN_UNUSED_FUNCTION = YES;
				GCC_WARN_UNUSED_VARIABLE = YES;
				MTL_ENABLE_DEBUG_INFO = INCLUDE_SOURCE;
				MTL_FAST_MATH = YES;
				ONLY_ACTIVE_ARCH = YES;
				SWIFT_ACTIVE_COMPILATION_CONDITIONS = DEBUG;
				SWIFT_OPTIMIZATION_LEVEL = "-Onone";
			};
			name = Debug;
		};
		C91BCF122A618437003C6DD6 /* Release */ = {
			isa = XCBuildConfiguration;
			buildSettings = {
				ALWAYS_SEARCH_USER_PATHS = NO;
				ASSETCATALOG_COMPILER_GENERATE_SWIFT_ASSET_SYMBOL_EXTENSIONS = YES;
				CLANG_ANALYZER_NONNULL = YES;
				CLANG_ANALYZER_NUMBER_OBJECT_CONVERSION = YES_AGGRESSIVE;
				CLANG_CXX_LANGUAGE_STANDARD = "gnu++20";
				CLANG_ENABLE_MODULES = YES;
				CLANG_ENABLE_OBJC_ARC = YES;
				CLANG_ENABLE_OBJC_WEAK = YES;
				CLANG_WARN_BLOCK_CAPTURE_AUTORELEASING = YES;
				CLANG_WARN_BOOL_CONVERSION = YES;
				CLANG_WARN_COMMA = YES;
				CLANG_WARN_CONSTANT_CONVERSION = YES;
				CLANG_WARN_DEPRECATED_OBJC_IMPLEMENTATIONS = YES;
				CLANG_WARN_DIRECT_OBJC_ISA_USAGE = YES_ERROR;
				CLANG_WARN_DOCUMENTATION_COMMENTS = YES;
				CLANG_WARN_EMPTY_BODY = YES;
				CLANG_WARN_ENUM_CONVERSION = YES;
				CLANG_WARN_INFINITE_RECURSION = YES;
				CLANG_WARN_INT_CONVERSION = YES;
				CLANG_WARN_NON_LITERAL_NULL_CONVERSION = YES;
				CLANG_WARN_OBJC_IMPLICIT_RETAIN_SELF = YES;
				CLANG_WARN_OBJC_LITERAL_CONVERSION = YES;
				CLANG_WARN_OBJC_ROOT_CLASS = YES_ERROR;
				CLANG_WARN_QUOTED_INCLUDE_IN_FRAMEWORK_HEADER = YES;
				CLANG_WARN_RANGE_LOOP_ANALYSIS = YES;
				CLANG_WARN_STRICT_PROTOTYPES = YES;
				CLANG_WARN_SUSPICIOUS_MOVE = YES;
				CLANG_WARN_UNGUARDED_AVAILABILITY = YES_AGGRESSIVE;
				CLANG_WARN_UNREACHABLE_CODE = YES;
				CLANG_WARN__DUPLICATE_METHOD_MATCH = YES;
				COPY_PHASE_STRIP = NO;
				DEAD_CODE_STRIPPING = YES;
				DEBUG_INFORMATION_FORMAT = "dwarf-with-dsym";
				ENABLE_NS_ASSERTIONS = NO;
				ENABLE_STRICT_OBJC_MSGSEND = YES;
				ENABLE_USER_SCRIPT_SANDBOXING = YES;
				GCC_C_LANGUAGE_STANDARD = gnu11;
				GCC_NO_COMMON_BLOCKS = YES;
				GCC_WARN_64_TO_32_BIT_CONVERSION = YES;
				GCC_WARN_ABOUT_RETURN_TYPE = YES_ERROR;
				GCC_WARN_UNDECLARED_SELECTOR = YES;
				GCC_WARN_UNINITIALIZED_AUTOS = YES_AGGRESSIVE;
				GCC_WARN_UNUSED_FUNCTION = YES;
				GCC_WARN_UNUSED_VARIABLE = YES;
				MTL_ENABLE_DEBUG_INFO = NO;
				MTL_FAST_MATH = YES;
				SWIFT_COMPILATION_MODE = wholemodule;
				SWIFT_OPTIMIZATION_LEVEL = "-O";
			};
			name = Release;
		};
		C91BCF142A618437003C6DD6 /* Debug */ = {
			isa = XCBuildConfiguration;
			buildSettings = {
				ASSETCATALOG_COMPILER_APPICON_NAME = AppIcon;
				ASSETCATALOG_COMPILER_GLOBAL_ACCENT_COLOR_NAME = AccentColor;
				CODE_SIGN_ENTITLEMENTS = Recall/Recall.entitlements;
				CODE_SIGN_STYLE = Automatic;
				CURRENT_PROJECT_VERSION = 1;
				DEAD_CODE_STRIPPING = YES;
				DEVELOPMENT_ASSET_PATHS = "\"Recall/Preview Content\"";
				DEVELOPMENT_TEAM = LN4JU8GNV7;
				ENABLE_HARDENED_RUNTIME = YES;
				ENABLE_PREVIEWS = YES;
				GENERATE_INFOPLIST_FILE = YES;
				INFOPLIST_FILE = Recall/Info.plist;
				INFOPLIST_KEY_CFBundleDisplayName = Recall.;
				INFOPLIST_KEY_NSLocationAlwaysAndWhenInUseUsageDescription = "Recall needs your location to provide location information on events";
				"INFOPLIST_KEY_UIApplicationSceneManifest_Generation[sdk=iphoneos*]" = YES;
				"INFOPLIST_KEY_UIApplicationSceneManifest_Generation[sdk=iphonesimulator*]" = YES;
				"INFOPLIST_KEY_UIApplicationSupportsIndirectInputEvents[sdk=iphoneos*]" = YES;
				"INFOPLIST_KEY_UIApplicationSupportsIndirectInputEvents[sdk=iphonesimulator*]" = YES;
				"INFOPLIST_KEY_UILaunchScreen_Generation[sdk=iphoneos*]" = YES;
				"INFOPLIST_KEY_UILaunchScreen_Generation[sdk=iphonesimulator*]" = YES;
				"INFOPLIST_KEY_UIStatusBarStyle[sdk=iphoneos*]" = UIStatusBarStyleDefault;
				"INFOPLIST_KEY_UIStatusBarStyle[sdk=iphonesimulator*]" = UIStatusBarStyleDefault;
				INFOPLIST_KEY_UISupportedInterfaceOrientations = UIInterfaceOrientationPortrait;
				INFOPLIST_KEY_UISupportedInterfaceOrientations_iPad = "UIInterfaceOrientationLandscapeLeft UIInterfaceOrientationLandscapeRight UIInterfaceOrientationPortrait UIInterfaceOrientationPortraitUpsideDown";
				IPHONEOS_DEPLOYMENT_TARGET = 17.0;
				LD_RUNPATH_SEARCH_PATHS = "@executable_path/Frameworks";
				"LD_RUNPATH_SEARCH_PATHS[sdk=macosx*]" = "@executable_path/../Frameworks";
				MACOSX_DEPLOYMENT_TARGET = 13.3;
				MARKETING_VERSION = 2.2.0;
				PRODUCT_BUNDLE_IDENTIFIER = "Masse-Brian.Recall";
				PRODUCT_NAME = "$(TARGET_NAME)";
				SDKROOT = auto;
				SUPPORTED_PLATFORMS = "iphoneos iphonesimulator";
				SUPPORTS_MACCATALYST = NO;
				SUPPORTS_MAC_DESIGNED_FOR_IPHONE_IPAD = YES;
				SWIFT_EMIT_LOC_STRINGS = YES;
				SWIFT_VERSION = 5.0;
				TARGETED_DEVICE_FAMILY = "1,2";
			};
			name = Debug;
		};
		C91BCF152A618437003C6DD6 /* Release */ = {
			isa = XCBuildConfiguration;
			buildSettings = {
				ASSETCATALOG_COMPILER_APPICON_NAME = AppIcon;
				ASSETCATALOG_COMPILER_GLOBAL_ACCENT_COLOR_NAME = AccentColor;
				CODE_SIGN_ENTITLEMENTS = Recall/Recall.entitlements;
				CODE_SIGN_STYLE = Automatic;
				CURRENT_PROJECT_VERSION = 1;
				DEAD_CODE_STRIPPING = YES;
				DEVELOPMENT_ASSET_PATHS = "\"Recall/Preview Content\"";
				DEVELOPMENT_TEAM = LN4JU8GNV7;
				ENABLE_HARDENED_RUNTIME = YES;
				ENABLE_PREVIEWS = YES;
				GENERATE_INFOPLIST_FILE = YES;
				INFOPLIST_FILE = Recall/Info.plist;
				INFOPLIST_KEY_CFBundleDisplayName = Recall.;
				INFOPLIST_KEY_NSLocationAlwaysAndWhenInUseUsageDescription = "Recall needs your location to provide location information on events";
				"INFOPLIST_KEY_UIApplicationSceneManifest_Generation[sdk=iphoneos*]" = YES;
				"INFOPLIST_KEY_UIApplicationSceneManifest_Generation[sdk=iphonesimulator*]" = YES;
				"INFOPLIST_KEY_UIApplicationSupportsIndirectInputEvents[sdk=iphoneos*]" = YES;
				"INFOPLIST_KEY_UIApplicationSupportsIndirectInputEvents[sdk=iphonesimulator*]" = YES;
				"INFOPLIST_KEY_UILaunchScreen_Generation[sdk=iphoneos*]" = YES;
				"INFOPLIST_KEY_UILaunchScreen_Generation[sdk=iphonesimulator*]" = YES;
				"INFOPLIST_KEY_UIStatusBarStyle[sdk=iphoneos*]" = UIStatusBarStyleDefault;
				"INFOPLIST_KEY_UIStatusBarStyle[sdk=iphonesimulator*]" = UIStatusBarStyleDefault;
				INFOPLIST_KEY_UISupportedInterfaceOrientations = UIInterfaceOrientationPortrait;
				INFOPLIST_KEY_UISupportedInterfaceOrientations_iPad = "UIInterfaceOrientationLandscapeLeft UIInterfaceOrientationLandscapeRight UIInterfaceOrientationPortrait UIInterfaceOrientationPortraitUpsideDown";
				IPHONEOS_DEPLOYMENT_TARGET = 17.0;
				LD_RUNPATH_SEARCH_PATHS = "@executable_path/Frameworks";
				"LD_RUNPATH_SEARCH_PATHS[sdk=macosx*]" = "@executable_path/../Frameworks";
				MACOSX_DEPLOYMENT_TARGET = 13.3;
				MARKETING_VERSION = 2.2.0;
				PRODUCT_BUNDLE_IDENTIFIER = "Masse-Brian.Recall";
				PRODUCT_NAME = "$(TARGET_NAME)";
				SDKROOT = auto;
				SUPPORTED_PLATFORMS = "iphoneos iphonesimulator";
				SUPPORTS_MACCATALYST = NO;
				SUPPORTS_MAC_DESIGNED_FOR_IPHONE_IPAD = YES;
				SWIFT_EMIT_LOC_STRINGS = YES;
				SWIFT_VERSION = 5.0;
				TARGETED_DEVICE_FAMILY = "1,2";
			};
			name = Release;
		};
		C91BCF172A618437003C6DD6 /* Debug */ = {
			isa = XCBuildConfiguration;
			buildSettings = {
				BUNDLE_LOADER = "$(TEST_HOST)";
				CODE_SIGN_STYLE = Automatic;
				CURRENT_PROJECT_VERSION = 1;
				DEAD_CODE_STRIPPING = YES;
				DEVELOPMENT_TEAM = LN4JU8GNV7;
				GENERATE_INFOPLIST_FILE = YES;
				IPHONEOS_DEPLOYMENT_TARGET = 16.4;
				MACOSX_DEPLOYMENT_TARGET = 13.3;
				MARKETING_VERSION = 1.0;
				PRODUCT_BUNDLE_IDENTIFIER = "Masse-Brian.RecallTests";
				PRODUCT_NAME = "$(TARGET_NAME)";
				SDKROOT = auto;
				SUPPORTED_PLATFORMS = "iphoneos iphonesimulator macosx";
				SWIFT_EMIT_LOC_STRINGS = NO;
				SWIFT_VERSION = 5.0;
				TARGETED_DEVICE_FAMILY = "1,2";
				TEST_HOST = "$(BUILT_PRODUCTS_DIR)/Recall.app/$(BUNDLE_EXECUTABLE_FOLDER_PATH)/Recall";
			};
			name = Debug;
		};
		C91BCF182A618437003C6DD6 /* Release */ = {
			isa = XCBuildConfiguration;
			buildSettings = {
				BUNDLE_LOADER = "$(TEST_HOST)";
				CODE_SIGN_STYLE = Automatic;
				CURRENT_PROJECT_VERSION = 1;
				DEAD_CODE_STRIPPING = YES;
				DEVELOPMENT_TEAM = LN4JU8GNV7;
				GENERATE_INFOPLIST_FILE = YES;
				IPHONEOS_DEPLOYMENT_TARGET = 16.4;
				MACOSX_DEPLOYMENT_TARGET = 13.3;
				MARKETING_VERSION = 1.0;
				PRODUCT_BUNDLE_IDENTIFIER = "Masse-Brian.RecallTests";
				PRODUCT_NAME = "$(TARGET_NAME)";
				SDKROOT = auto;
				SUPPORTED_PLATFORMS = "iphoneos iphonesimulator macosx";
				SWIFT_EMIT_LOC_STRINGS = NO;
				SWIFT_VERSION = 5.0;
				TARGETED_DEVICE_FAMILY = "1,2";
				TEST_HOST = "$(BUILT_PRODUCTS_DIR)/Recall.app/$(BUNDLE_EXECUTABLE_FOLDER_PATH)/Recall";
			};
			name = Release;
		};
		C91BCF1A2A618437003C6DD6 /* Debug */ = {
			isa = XCBuildConfiguration;
			buildSettings = {
				CODE_SIGN_STYLE = Automatic;
				CURRENT_PROJECT_VERSION = 1;
				DEAD_CODE_STRIPPING = YES;
				DEVELOPMENT_TEAM = LN4JU8GNV7;
				GENERATE_INFOPLIST_FILE = YES;
				IPHONEOS_DEPLOYMENT_TARGET = 16.4;
				MACOSX_DEPLOYMENT_TARGET = 13.3;
				MARKETING_VERSION = 1.0;
				PRODUCT_BUNDLE_IDENTIFIER = "Masse-Brian.RecallUITests";
				PRODUCT_NAME = "$(TARGET_NAME)";
				SDKROOT = auto;
				SUPPORTED_PLATFORMS = "iphoneos iphonesimulator macosx";
				SWIFT_EMIT_LOC_STRINGS = NO;
				SWIFT_VERSION = 5.0;
				TARGETED_DEVICE_FAMILY = "1,2";
				TEST_TARGET_NAME = Recall;
			};
			name = Debug;
		};
		C91BCF1B2A618437003C6DD6 /* Release */ = {
			isa = XCBuildConfiguration;
			buildSettings = {
				CODE_SIGN_STYLE = Automatic;
				CURRENT_PROJECT_VERSION = 1;
				DEAD_CODE_STRIPPING = YES;
				DEVELOPMENT_TEAM = LN4JU8GNV7;
				GENERATE_INFOPLIST_FILE = YES;
				IPHONEOS_DEPLOYMENT_TARGET = 16.4;
				MACOSX_DEPLOYMENT_TARGET = 13.3;
				MARKETING_VERSION = 1.0;
				PRODUCT_BUNDLE_IDENTIFIER = "Masse-Brian.RecallUITests";
				PRODUCT_NAME = "$(TARGET_NAME)";
				SDKROOT = auto;
				SUPPORTED_PLATFORMS = "iphoneos iphonesimulator macosx";
				SWIFT_EMIT_LOC_STRINGS = NO;
				SWIFT_VERSION = 5.0;
				TARGETED_DEVICE_FAMILY = "1,2";
				TEST_TARGET_NAME = Recall;
			};
			name = Release;
		};
/* End XCBuildConfiguration section */

/* Begin XCConfigurationList section */
		C91BCEE92A618434003C6DD6 /* Build configuration list for PBXProject "Recall" */ = {
			isa = XCConfigurationList;
			buildConfigurations = (
				C91BCF112A618437003C6DD6 /* Debug */,
				C91BCF122A618437003C6DD6 /* Release */,
			);
			defaultConfigurationIsVisible = 0;
			defaultConfigurationName = Release;
		};
		C91BCF132A618437003C6DD6 /* Build configuration list for PBXNativeTarget "Recall" */ = {
			isa = XCConfigurationList;
			buildConfigurations = (
				C91BCF142A618437003C6DD6 /* Debug */,
				C91BCF152A618437003C6DD6 /* Release */,
			);
			defaultConfigurationIsVisible = 0;
			defaultConfigurationName = Release;
		};
		C91BCF162A618437003C6DD6 /* Build configuration list for PBXNativeTarget "RecallTests" */ = {
			isa = XCConfigurationList;
			buildConfigurations = (
				C91BCF172A618437003C6DD6 /* Debug */,
				C91BCF182A618437003C6DD6 /* Release */,
			);
			defaultConfigurationIsVisible = 0;
			defaultConfigurationName = Release;
		};
		C91BCF192A618437003C6DD6 /* Build configuration list for PBXNativeTarget "RecallUITests" */ = {
			isa = XCConfigurationList;
			buildConfigurations = (
				C91BCF1A2A618437003C6DD6 /* Debug */,
				C91BCF1B2A618437003C6DD6 /* Release */,
			);
			defaultConfigurationIsVisible = 0;
			defaultConfigurationName = Release;
		};
/* End XCConfigurationList section */

/* Begin XCLocalSwiftPackageReference section */
		C9C470CC2CE6EC84004AB489 /* XCLocalSwiftPackageReference "../Packages/UIUniversals" */ = {
			isa = XCLocalSwiftPackageReference;
			relativePath = ../Packages/UIUniversals;
		};
/* End XCLocalSwiftPackageReference section */

/* Begin XCRemoteSwiftPackageReference section */
		C94B1F122A6888C1007E8537 /* XCRemoteSwiftPackageReference "SymbolPicker" */ = {
			isa = XCRemoteSwiftPackageReference;
			repositoryURL = "https://github.com/xnth97/SymbolPicker.git";
			requirement = {
				kind = upToNextMajorVersion;
				minimumVersion = 1.0.0;
			};
		};
		C9C470CF2CE6ECA1004AB489 /* XCRemoteSwiftPackageReference "realm-swift" */ = {
			isa = XCRemoteSwiftPackageReference;
			repositoryURL = "https://github.com/realm/realm-swift";
			requirement = {
				branch = master;
				kind = branch;
			};
		};
/* End XCRemoteSwiftPackageReference section */

/* Begin XCSwiftPackageProductDependency section */
		C9BF38BD2C9B568400AA8C3F /* UIUniversals */ = {
			isa = XCSwiftPackageProductDependency;
			productName = UIUniversals;
		};
		C9BF38C02C9B56CA00AA8C3F /* UIUniversals */ = {
			isa = XCSwiftPackageProductDependency;
			productName = UIUniversals;
		};
		C9C470CD2CE6EC84004AB489 /* UIUniversals */ = {
			isa = XCSwiftPackageProductDependency;
			productName = UIUniversals;
		};
		C9C470D02CE6ECA1004AB489 /* RealmSwift */ = {
			isa = XCSwiftPackageProductDependency;
			package = C9C470CF2CE6ECA1004AB489 /* XCRemoteSwiftPackageReference "realm-swift" */;
			productName = RealmSwift;
		};
/* End XCSwiftPackageProductDependency section */
	};
	rootObject = C91BCEE62A618434003C6DD6 /* Project object */;
}
