{
  "pins" : [
    {
      "identity" : "flowgrid",
      "kind" : "remoteSourceControl",
      "location" : "https://github.com/rdev/FlowGrid",
      "state" : {
        "revision" : "67b26028505b117020acd43ad5465cb59a5b0f3d",
        "version" : "1.0.0"
      }
    },
    {
      "identity" : "realm-core",
      "kind" : "remoteSourceControl",
      "location" : "https://github.com/realm/realm-core.git",
      "state" : {
        "revision" : "a5e87a39cffdcc591f3203c11cfca68100d0b9a6",
        "version" : "13.26.0"
      }
    },
    {
      "identity" : "realm-swift",
      "kind" : "remoteSourceControl",
      "location" : "https://github.com/realm/realm-swift",
      "state" : {
        "branch" : "master",
        "revision" : "aea16af78a0bbfb2c964801becaecb9cade9335f"
      }
    },
    {
      "identity" : "symbolpicker",
      "kind" : "remoteSourceControl",
      "location" : "https://github.com/xnth97/SymbolPicker.git",
      "state" : {
        "revision" : "e0601230feea4289760c0e5b68dbafa15aa59bfb",
        "version" : "1.5.1"
      }
    },
    {
      "identity" : "uiuniversals",
      "kind" : "remoteSourceControl",
      "location" : "https://github.com/Brian-Masse/UIUniversals",
      "state" : {
        "branch" : "main",
        "revision" : "5ddb8ce1f6080bbd60bb34bad855e1090584d80d"
      }
    },
    {
      "identity" : "universaldonationpackage",
      "kind" : "remoteSourceControl",
      "location" : "https://github.com/Brian-Masse/UniversalDonationPackage",
      "state" : {
        "branch" : "main",
        "revision" : "3f3fa8768534092652a1115c7f1cbaf383d7e504"
      }
    }
  ],
  "version" : 2
}
