{
  "originHash" : "e04c4011af695cd841604be0a1556cd417477ea40501e7301c381be1a1902b89",
  "pins" : [
    {
      "identity" : "realm-core",
      "kind" : "remoteSourceControl",
      "location" : "https://github.com/realm/realm-core.git",
      "state" : {
        "revision" : "cccb3ca9e26ec452a29f2f0d4050d1e38b8a3d43",
        "version" : "14.14.0"
      }
    },
    {
      "identity" : "realm-swift",
      "kind" : "remoteSourceControl",
      "location" : "https://github.com/realm/realm-swift.git",
      "state" : {
        "branch" : "master",
        "revision" : "d8a8c09eaaa00742315f766580640a92e78c73af"
      }
    },
    {
      "identity" : "uiuniversals",
      "kind" : "remoteSourceControl",
      "location" : "https://github.com/Brian-Masse/UIUniversals.git",
      "state" : {
        "branch" : "main",
        "revision" : "f7264f42cacf76ef53a78d1895f644589dfc5824"
      }
    }
  ],
  "version" : 3
}
