{
  "pins" : [
    {
      "identity" : "flowgrid",
      "kind" : "remoteSourceControl",
      "location" : "https://github.com/rdev/FlowGrid",
      "state" : {
        "revision" : "67b26028505b117020acd43ad5465cb59a5b0f3d",
        "version" : "1.0.0"
      }
    },
    {
      "identity" : "realm-core",
      "kind" : "remoteSourceControl",
      "location" : "https://github.com/realm/realm-core.git",
      "state" : {
        "revision" : "c569bec4d04da84030d94f376437bc4efda3686b",
        "version" : "13.23.1"
      }
    },
    {
      "identity" : "realm-swift",
      "kind" : "remoteSourceControl",
      "location" : "https://github.com/realm/realm-swift",
      "state" : {
        "branch" : "master",
        "revision" : "95cb711d60801e82542b866d16d75608c40d7b2e"
      }
    },
    {
      "identity" : "symbolpicker",
      "kind" : "remoteSourceControl",
      "location" : "https://github.com/xnth97/SymbolPicker.git",
      "state" : {
        "revision" : "e0601230feea4289760c0e5b68dbafa15aa59bfb",
        "version" : "1.5.1"
      }
    },
    {
      "identity" : "uiuniversals",
      "kind" : "remoteSourceControl",
      "location" : "https://github.com/Brian-Masse/UIUniversals",
      "state" : {
        "branch" : "main",
        "revision" : "a828c501e8ad1001b01a907f8abd1cd5d502457a"
      }
    }
  ],
  "version" : 2
}
